# This file is automatically @generated by Poetry 1.8.3 and should not be changed by hand.

[[package]]
name = "build"
version = "1.2.1"
description = "A simple, correct Python build frontend"
optional = false
python-versions = ">=3.8"
files = [
    {file = "build-1.2.1-py3-none-any.whl", hash = "sha256:75e10f767a433d9a86e50d83f418e83efc18ede923ee5ff7df93b6cb0306c5d4"},
    {file = "build-1.2.1.tar.gz", hash = "sha256:526263f4870c26f26c433545579475377b2b7588b6f1eac76a001e873ae3e19d"},
]

[package.dependencies]
colorama = {version = "*", markers = "os_name == \"nt\""}
importlib-metadata = {version = ">=4.6", markers = "python_full_version < \"3.10.2\""}
packaging = ">=19.1"
pyproject_hooks = "*"
tomli = {version = ">=1.1.0", markers = "python_version < \"3.11\""}

[package.extras]
docs = ["furo (>=2023.08.17)", "sphinx (>=7.0,<8.0)", "sphinx-argparse-cli (>=1.5)", "sphinx-autodoc-typehints (>=1.10)", "sphinx-issues (>=3.0.0)"]
test = ["build[uv,virtualenv]", "filelock (>=3)", "pytest (>=6.2.4)", "pytest-cov (>=2.12)", "pytest-mock (>=2)", "pytest-rerunfailures (>=9.1)", "pytest-xdist (>=1.34)", "setuptools (>=42.0.0)", "setuptools (>=56.0.0)", "setuptools (>=56.0.0)", "setuptools (>=67.8.0)", "wheel (>=0.36.0)"]
typing = ["build[uv]", "importlib-metadata (>=5.1)", "mypy (>=1.9.0,<1.10.0)", "tomli", "typing-extensions (>=3.7.4.3)"]
uv = ["uv (>=0.1.18)"]
virtualenv = ["virtualenv (>=20.0.35)"]

[[package]]
name = "check-manifest"
version = "0.46"
description = "Check MANIFEST.in in a Python source package for completeness"
optional = false
python-versions = ">=3.6"
files = [
    {file = "check-manifest-0.46.tar.gz", hash = "sha256:5895e42a012989bdc51854a02c82c8d6898112a4ab11f2d7878200520b49d428"},
    {file = "check_manifest-0.46-py3-none-any.whl", hash = "sha256:b59b0e7c7ed3946537677c9ab9b2c2cb7be9b1807fd40bc4dfc1eef31d42cff5"},
]

[package.dependencies]
build = ">=0.1"
setuptools = "*"
toml = "*"

[package.extras]
test = ["mock (>=3.0.0)", "pytest"]

[[package]]
name = "colorama"
version = "0.4.6"
description = "Cross-platform colored terminal text."
optional = false
python-versions = "!=3.0.*,!=3.1.*,!=3.2.*,!=3.3.*,!=3.4.*,!=3.5.*,!=3.6.*,>=2.7"
files = [
    {file = "colorama-0.4.6-py2.py3-none-any.whl", hash = "sha256:4f1d9991f5acc0ca119f9d443620b77f9d6b33703e51011c16baf57afb285fc6"},
    {file = "colorama-0.4.6.tar.gz", hash = "sha256:08695f5cb7ed6e0531a20572697297273c47b8cae5a63ffc6d6ed5c201be6e44"},
]

[[package]]
name = "coverage"
version = "6.5.0"
description = "Code coverage measurement for Python"
optional = false
python-versions = ">=3.7"
files = [
    {file = "coverage-6.5.0-cp310-cp310-macosx_10_9_x86_64.whl", hash = "sha256:ef8674b0ee8cc11e2d574e3e2998aea5df5ab242e012286824ea3c6970580e53"},
    {file = "coverage-6.5.0-cp310-cp310-macosx_11_0_arm64.whl", hash = "sha256:784f53ebc9f3fd0e2a3f6a78b2be1bd1f5575d7863e10c6e12504f240fd06660"},
    {file = "coverage-6.5.0-cp310-cp310-manylinux_2_17_aarch64.manylinux2014_aarch64.whl", hash = "sha256:b4a5be1748d538a710f87542f22c2cad22f80545a847ad91ce45e77417293eb4"},
    {file = "coverage-6.5.0-cp310-cp310-manylinux_2_5_i686.manylinux1_i686.manylinux_2_17_i686.manylinux2014_i686.whl", hash = "sha256:83516205e254a0cb77d2d7bb3632ee019d93d9f4005de31dca0a8c3667d5bc04"},
    {file = "coverage-6.5.0-cp310-cp310-manylinux_2_5_x86_64.manylinux1_x86_64.manylinux_2_17_x86_64.manylinux2014_x86_64.whl", hash = "sha256:af4fffaffc4067232253715065e30c5a7ec6faac36f8fc8d6f64263b15f74db0"},
    {file = "coverage-6.5.0-cp310-cp310-musllinux_1_1_aarch64.whl", hash = "sha256:97117225cdd992a9c2a5515db1f66b59db634f59d0679ca1fa3fe8da32749cae"},
    {file = "coverage-6.5.0-cp310-cp310-musllinux_1_1_i686.whl", hash = "sha256:a1170fa54185845505fbfa672f1c1ab175446c887cce8212c44149581cf2d466"},
    {file = "coverage-6.5.0-cp310-cp310-musllinux_1_1_x86_64.whl", hash = "sha256:11b990d520ea75e7ee8dcab5bc908072aaada194a794db9f6d7d5cfd19661e5a"},
    {file = "coverage-6.5.0-cp310-cp310-win32.whl", hash = "sha256:5dbec3b9095749390c09ab7c89d314727f18800060d8d24e87f01fb9cfb40b32"},
    {file = "coverage-6.5.0-cp310-cp310-win_amd64.whl", hash = "sha256:59f53f1dc5b656cafb1badd0feb428c1e7bc19b867479ff72f7a9dd9b479f10e"},
    {file = "coverage-6.5.0-cp311-cp311-macosx_10_9_x86_64.whl", hash = "sha256:4a5375e28c5191ac38cca59b38edd33ef4cc914732c916f2929029b4bfb50795"},
    {file = "coverage-6.5.0-cp311-cp311-manylinux_2_17_aarch64.manylinux2014_aarch64.whl", hash = "sha256:c4ed2820d919351f4167e52425e096af41bfabacb1857186c1ea32ff9983ed75"},
    {file = "coverage-6.5.0-cp311-cp311-manylinux_2_5_i686.manylinux1_i686.manylinux_2_17_i686.manylinux2014_i686.whl", hash = "sha256:33a7da4376d5977fbf0a8ed91c4dffaaa8dbf0ddbf4c8eea500a2486d8bc4d7b"},
    {file = "coverage-6.5.0-cp311-cp311-manylinux_2_5_x86_64.manylinux1_x86_64.manylinux_2_17_x86_64.manylinux2014_x86_64.whl", hash = "sha256:a8fb6cf131ac4070c9c5a3e21de0f7dc5a0fbe8bc77c9456ced896c12fcdad91"},
    {file = "coverage-6.5.0-cp311-cp311-musllinux_1_1_aarch64.whl", hash = "sha256:a6b7d95969b8845250586f269e81e5dfdd8ff828ddeb8567a4a2eaa7313460c4"},
    {file = "coverage-6.5.0-cp311-cp311-musllinux_1_1_i686.whl", hash = "sha256:1ef221513e6f68b69ee9e159506d583d31aa3567e0ae84eaad9d6ec1107dddaa"},
    {file = "coverage-6.5.0-cp311-cp311-musllinux_1_1_x86_64.whl", hash = "sha256:cca4435eebea7962a52bdb216dec27215d0df64cf27fc1dd538415f5d2b9da6b"},
    {file = "coverage-6.5.0-cp311-cp311-win32.whl", hash = "sha256:98e8a10b7a314f454d9eff4216a9a94d143a7ee65018dd12442e898ee2310578"},
    {file = "coverage-6.5.0-cp311-cp311-win_amd64.whl", hash = "sha256:bc8ef5e043a2af066fa8cbfc6e708d58017024dc4345a1f9757b329a249f041b"},
    {file = "coverage-6.5.0-cp37-cp37m-macosx_10_9_x86_64.whl", hash = "sha256:4433b90fae13f86fafff0b326453dd42fc9a639a0d9e4eec4d366436d1a41b6d"},
    {file = "coverage-6.5.0-cp37-cp37m-manylinux_2_17_aarch64.manylinux2014_aarch64.whl", hash = "sha256:f4f05d88d9a80ad3cac6244d36dd89a3c00abc16371769f1340101d3cb899fc3"},
    {file = "coverage-6.5.0-cp37-cp37m-manylinux_2_5_i686.manylinux1_i686.manylinux_2_17_i686.manylinux2014_i686.whl", hash = "sha256:94e2565443291bd778421856bc975d351738963071e9b8839ca1fc08b42d4bef"},
    {file = "coverage-6.5.0-cp37-cp37m-manylinux_2_5_x86_64.manylinux1_x86_64.manylinux_2_17_x86_64.manylinux2014_x86_64.whl", hash = "sha256:027018943386e7b942fa832372ebc120155fd970837489896099f5cfa2890f79"},
    {file = "coverage-6.5.0-cp37-cp37m-musllinux_1_1_aarch64.whl", hash = "sha256:255758a1e3b61db372ec2736c8e2a1fdfaf563977eedbdf131de003ca5779b7d"},
    {file = "coverage-6.5.0-cp37-cp37m-musllinux_1_1_i686.whl", hash = "sha256:851cf4ff24062c6aec510a454b2584f6e998cada52d4cb58c5e233d07172e50c"},
    {file = "coverage-6.5.0-cp37-cp37m-musllinux_1_1_x86_64.whl", hash = "sha256:12adf310e4aafddc58afdb04d686795f33f4d7a6fa67a7a9d4ce7d6ae24d949f"},
    {file = "coverage-6.5.0-cp37-cp37m-win32.whl", hash = "sha256:b5604380f3415ba69de87a289a2b56687faa4fe04dbee0754bfcae433489316b"},
    {file = "coverage-6.5.0-cp37-cp37m-win_amd64.whl", hash = "sha256:4a8dbc1f0fbb2ae3de73eb0bdbb914180c7abfbf258e90b311dcd4f585d44bd2"},
    {file = "coverage-6.5.0-cp38-cp38-macosx_10_9_x86_64.whl", hash = "sha256:d900bb429fdfd7f511f868cedd03a6bbb142f3f9118c09b99ef8dc9bf9643c3c"},
    {file = "coverage-6.5.0-cp38-cp38-macosx_11_0_arm64.whl", hash = "sha256:2198ea6fc548de52adc826f62cb18554caedfb1d26548c1b7c88d8f7faa8f6ba"},
    {file = "coverage-6.5.0-cp38-cp38-manylinux_2_17_aarch64.manylinux2014_aarch64.whl", hash = "sha256:6c4459b3de97b75e3bd6b7d4b7f0db13f17f504f3d13e2a7c623786289dd670e"},
    {file = "coverage-6.5.0-cp38-cp38-manylinux_2_5_i686.manylinux1_i686.manylinux_2_17_i686.manylinux2014_i686.whl", hash = "sha256:20c8ac5386253717e5ccc827caad43ed66fea0efe255727b1053a8154d952398"},
    {file = "coverage-6.5.0-cp38-cp38-manylinux_2_5_x86_64.manylinux1_x86_64.manylinux_2_17_x86_64.manylinux2014_x86_64.whl", hash = "sha256:6b07130585d54fe8dff3d97b93b0e20290de974dc8177c320aeaf23459219c0b"},
    {file = "coverage-6.5.0-cp38-cp38-musllinux_1_1_aarch64.whl", hash = "sha256:dbdb91cd8c048c2b09eb17713b0c12a54fbd587d79adcebad543bc0cd9a3410b"},
    {file = "coverage-6.5.0-cp38-cp38-musllinux_1_1_i686.whl", hash = "sha256:de3001a203182842a4630e7b8d1a2c7c07ec1b45d3084a83d5d227a3806f530f"},
    {file = "coverage-6.5.0-cp38-cp38-musllinux_1_1_x86_64.whl", hash = "sha256:e07f4a4a9b41583d6eabec04f8b68076ab3cd44c20bd29332c6572dda36f372e"},
    {file = "coverage-6.5.0-cp38-cp38-win32.whl", hash = "sha256:6d4817234349a80dbf03640cec6109cd90cba068330703fa65ddf56b60223a6d"},
    {file = "coverage-6.5.0-cp38-cp38-win_amd64.whl", hash = "sha256:7ccf362abd726b0410bf8911c31fbf97f09f8f1061f8c1cf03dfc4b6372848f6"},
    {file = "coverage-6.5.0-cp39-cp39-macosx_10_9_x86_64.whl", hash = "sha256:633713d70ad6bfc49b34ead4060531658dc6dfc9b3eb7d8a716d5873377ab745"},
    {file = "coverage-6.5.0-cp39-cp39-macosx_11_0_arm64.whl", hash = "sha256:95203854f974e07af96358c0b261f1048d8e1083f2de9b1c565e1be4a3a48cfc"},
    {file = "coverage-6.5.0-cp39-cp39-manylinux_2_17_aarch64.manylinux2014_aarch64.whl", hash = "sha256:b9023e237f4c02ff739581ef35969c3739445fb059b060ca51771e69101efffe"},
    {file = "coverage-6.5.0-cp39-cp39-manylinux_2_5_i686.manylinux1_i686.manylinux_2_17_i686.manylinux2014_i686.whl", hash = "sha256:265de0fa6778d07de30bcf4d9dc471c3dc4314a23a3c6603d356a3c9abc2dfcf"},
    {file = "coverage-6.5.0-cp39-cp39-manylinux_2_5_x86_64.manylinux1_x86_64.manylinux_2_17_x86_64.manylinux2014_x86_64.whl", hash = "sha256:8f830ed581b45b82451a40faabb89c84e1a998124ee4212d440e9c6cf70083e5"},
    {file = "coverage-6.5.0-cp39-cp39-musllinux_1_1_aarch64.whl", hash = "sha256:7b6be138d61e458e18d8e6ddcddd36dd96215edfe5f1168de0b1b32635839b62"},
    {file = "coverage-6.5.0-cp39-cp39-musllinux_1_1_i686.whl", hash = "sha256:42eafe6778551cf006a7c43153af1211c3aaab658d4d66fa5fcc021613d02518"},
    {file = "coverage-6.5.0-cp39-cp39-musllinux_1_1_x86_64.whl", hash = "sha256:723e8130d4ecc8f56e9a611e73b31219595baa3bb252d539206f7bbbab6ffc1f"},
    {file = "coverage-6.5.0-cp39-cp39-win32.whl", hash = "sha256:d9ecf0829c6a62b9b573c7bb6d4dcd6ba8b6f80be9ba4fc7ed50bf4ac9aecd72"},
    {file = "coverage-6.5.0-cp39-cp39-win_amd64.whl", hash = "sha256:fc2af30ed0d5ae0b1abdb4ebdce598eafd5b35397d4d75deb341a614d333d987"},
    {file = "coverage-6.5.0-pp36.pp37.pp38-none-any.whl", hash = "sha256:1431986dac3923c5945271f169f59c45b8802a114c8f548d611f2015133df77a"},
    {file = "coverage-6.5.0.tar.gz", hash = "sha256:f642e90754ee3e06b0e7e51bce3379590e76b7f76b708e1a71ff043f87025c84"},
]

[package.extras]
toml = ["tomli"]

[[package]]
name = "exceptiongroup"
version = "1.2.1"
description = "Backport of PEP 654 (exception groups)"
optional = false
python-versions = ">=3.7"
files = [
    {file = "exceptiongroup-1.2.1-py3-none-any.whl", hash = "sha256:5258b9ed329c5bbdd31a309f53cbfb0b155341807f6ff7606a1e801a891b29ad"},
    {file = "exceptiongroup-1.2.1.tar.gz", hash = "sha256:a4785e48b045528f5bfe627b6ad554ff32def154f42372786903b7abcfe1aa16"},
]

[package.extras]
test = ["pytest (>=6)"]

[[package]]
name = "flake8"
version = "3.9.2"
description = "the modular source code checker: pep8 pyflakes and co"
optional = false
python-versions = "!=3.0.*,!=3.1.*,!=3.2.*,!=3.3.*,!=3.4.*,>=2.7"
files = [
    {file = "flake8-3.9.2-py2.py3-none-any.whl", hash = "sha256:bf8fd333346d844f616e8d47905ef3a3384edae6b4e9beb0c5101e25e3110907"},
    {file = "flake8-3.9.2.tar.gz", hash = "sha256:07528381786f2a6237b061f6e96610a4167b226cb926e2aa2b6b1d78057c576b"},
]

[package.dependencies]
mccabe = ">=0.6.0,<0.7.0"
pycodestyle = ">=2.7.0,<2.8.0"
pyflakes = ">=2.3.0,<2.4.0"

[[package]]
name = "importlib-metadata"
version = "7.1.0"
description = "Read metadata from Python packages"
optional = false
python-versions = ">=3.8"
files = [
    {file = "importlib_metadata-7.1.0-py3-none-any.whl", hash = "sha256:30962b96c0c223483ed6cc7280e7f0199feb01a0e40cfae4d4450fc6fab1f570"},
    {file = "importlib_metadata-7.1.0.tar.gz", hash = "sha256:b78938b926ee8d5f020fc4772d487045805a55ddbad2ecf21c6d60938dc7fcd2"},
]

[package.dependencies]
zipp = ">=0.5"

[package.extras]
docs = ["furo", "jaraco.packaging (>=9.3)", "jaraco.tidelift (>=1.4)", "rst.linker (>=1.9)", "sphinx (>=3.5)", "sphinx-lint"]
perf = ["ipython"]
testing = ["flufl.flake8", "importlib-resources (>=1.3)", "jaraco.test (>=5.4)", "packaging", "pyfakefs", "pytest (>=6)", "pytest-checkdocs (>=2.4)", "pytest-cov", "pytest-enabler (>=2.2)", "pytest-mypy", "pytest-perf (>=0.9.2)", "pytest-ruff (>=0.2.1)"]

[[package]]
name = "iniconfig"
version = "2.0.0"
description = "brain-dead simple config-ini parsing"
optional = false
python-versions = ">=3.7"
files = [
    {file = "iniconfig-2.0.0-py3-none-any.whl", hash = "sha256:b6a85871a79d2e3b22d2d1b94ac2824226a63c6b741c88f7ae975f18b6778374"},
    {file = "iniconfig-2.0.0.tar.gz", hash = "sha256:2d91e135bf72d31a410b17c16da610a82cb55f6b0477d1a902134b24a455b8b3"},
]

[[package]]
name = "mccabe"
version = "0.6.1"
description = "McCabe checker, plugin for flake8"
optional = false
python-versions = "*"
files = [
    {file = "mccabe-0.6.1-py2.py3-none-any.whl", hash = "sha256:ab8a6258860da4b6677da4bd2fe5dc2c659cff31b3ee4f7f5d64e79735b80d42"},
    {file = "mccabe-0.6.1.tar.gz", hash = "sha256:dd8d182285a0fe56bace7f45b5e7d1a6ebcbf524e8f3bd87eb0f125271b8831f"},
]

[[package]]
name = "packaging"
version = "24.0"
description = "Core utilities for Python packages"
optional = false
python-versions = ">=3.7"
files = [
    {file = "packaging-24.0-py3-none-any.whl", hash = "sha256:2ddfb553fdf02fb784c234c7ba6ccc288296ceabec964ad2eae3777778130bc5"},
    {file = "packaging-24.0.tar.gz", hash = "sha256:eb82c5e3e56209074766e6885bb04b8c38a0c015d0a30036ebe7ece34c9989e9"},
]

[[package]]
name = "pluggy"
version = "1.5.0"
description = "plugin and hook calling mechanisms for python"
optional = false
python-versions = ">=3.8"
files = [
    {file = "pluggy-1.5.0-py3-none-any.whl", hash = "sha256:44e1ad92c8ca002de6377e165f3e0f1be63266ab4d554740532335b9d75ea669"},
    {file = "pluggy-1.5.0.tar.gz", hash = "sha256:2cffa88e94fdc978c4c574f15f9e59b7f4201d439195c3715ca9e2486f1d0cf1"},
]

[package.extras]
dev = ["pre-commit", "tox"]
testing = ["pytest", "pytest-benchmark"]

[[package]]
name = "polars"
version = "0.20.31"
description = "Blazingly fast DataFrame library"
optional = false
python-versions = ">=3.8"
files = [
    {file = "polars-0.20.31-cp38-abi3-macosx_10_12_x86_64.whl", hash = "sha256:86454ade5ed302bbf87f145cfcb1b14f7a5765a9440e448659e1f3dba6ac4e79"},
    {file = "polars-0.20.31-cp38-abi3-macosx_11_0_arm64.whl", hash = "sha256:67f2fe842262b7e1b9371edad21b760f6734d28b74c78dda88dff1bf031b9499"},
    {file = "polars-0.20.31-cp38-abi3-manylinux_2_17_x86_64.manylinux2014_x86_64.whl", hash = "sha256:24b82441f93409e0e8abd6f427b029db102f02b8de328cee9a680f84b84e3736"},
    {file = "polars-0.20.31-cp38-abi3-manylinux_2_24_aarch64.whl", hash = "sha256:87f43bce4d41abf8c8c5658d881e4b8378e5c61010a696bfea8b4106b908e916"},
    {file = "polars-0.20.31-cp38-abi3-win_amd64.whl", hash = "sha256:2d7567c9fd9d3b9aa93387ca9880d9e8f7acea3c0a0555c03d8c0c2f0715d43c"},
    {file = "polars-0.20.31.tar.gz", hash = "sha256:00f62dec6bf43a4e2a5db58b99bf0e79699fe761c80ae665868eaea5168f3bbb"},
]

[package.extras]
adbc = ["adbc-driver-manager", "adbc-driver-sqlite"]
all = ["polars[adbc,async,cloudpickle,connectorx,deltalake,fastexcel,fsspec,gevent,iceberg,numpy,pandas,plot,pyarrow,pydantic,sqlalchemy,timezone,xlsx2csv,xlsxwriter]"]
async = ["nest-asyncio"]
cloudpickle = ["cloudpickle"]
connectorx = ["connectorx (>=0.3.2)"]
deltalake = ["deltalake (>=0.15.0)"]
fastexcel = ["fastexcel (>=0.9)"]
fsspec = ["fsspec"]
gevent = ["gevent"]
iceberg = ["pyiceberg (>=0.5.0)"]
matplotlib = ["matplotlib"]
numpy = ["numpy (>=1.16.0)"]
openpyxl = ["openpyxl (>=3.0.0)"]
pandas = ["pandas", "pyarrow (>=7.0.0)"]
plot = ["hvplot (>=0.9.1)"]
pyarrow = ["pyarrow (>=7.0.0)"]
pydantic = ["pydantic"]
pyxlsb = ["pyxlsb (>=1.0)"]
sqlalchemy = ["pandas", "sqlalchemy"]
timezone = ["backports-zoneinfo", "tzdata"]
xlsx2csv = ["xlsx2csv (>=0.8.0)"]
xlsxwriter = ["xlsxwriter"]

[[package]]
name = "pycodestyle"
version = "2.7.0"
description = "Python style guide checker"
optional = false
python-versions = ">=2.7, !=3.0.*, !=3.1.*, !=3.2.*, !=3.3.*"
files = [
    {file = "pycodestyle-2.7.0-py2.py3-none-any.whl", hash = "sha256:514f76d918fcc0b55c6680472f0a37970994e07bbb80725808c17089be302068"},
    {file = "pycodestyle-2.7.0.tar.gz", hash = "sha256:c389c1d06bf7904078ca03399a4816f974a1d590090fecea0c63ec26ebaf1cef"},
]

[[package]]
name = "pydantic"
version = "1.10.15"
description = "Data validation and settings management using python type hints"
optional = false
python-versions = ">=3.7"
files = [
    {file = "pydantic-1.10.15-cp310-cp310-macosx_10_9_x86_64.whl", hash = "sha256:22ed12ee588b1df028a2aa5d66f07bf8f8b4c8579c2e96d5a9c1f96b77f3bb55"},
    {file = "pydantic-1.10.15-cp310-cp310-macosx_11_0_arm64.whl", hash = "sha256:75279d3cac98186b6ebc2597b06bcbc7244744f6b0b44a23e4ef01e5683cc0d2"},
    {file = "pydantic-1.10.15-cp310-cp310-manylinux_2_17_x86_64.manylinux2014_x86_64.whl", hash = "sha256:50f1666a9940d3d68683c9d96e39640f709d7a72ff8702987dab1761036206bb"},
    {file = "pydantic-1.10.15-cp310-cp310-manylinux_2_5_i686.manylinux1_i686.manylinux_2_17_i686.manylinux2014_i686.whl", hash = "sha256:82790d4753ee5d00739d6cb5cf56bceb186d9d6ce134aca3ba7befb1eedbc2c8"},
    {file = "pydantic-1.10.15-cp310-cp310-musllinux_1_1_i686.whl", hash = "sha256:d207d5b87f6cbefbdb1198154292faee8017d7495a54ae58db06762004500d00"},
    {file = "pydantic-1.10.15-cp310-cp310-musllinux_1_1_x86_64.whl", hash = "sha256:e49db944fad339b2ccb80128ffd3f8af076f9f287197a480bf1e4ca053a866f0"},
    {file = "pydantic-1.10.15-cp310-cp310-win_amd64.whl", hash = "sha256:d3b5c4cbd0c9cb61bbbb19ce335e1f8ab87a811f6d589ed52b0254cf585d709c"},
    {file = "pydantic-1.10.15-cp311-cp311-macosx_10_9_x86_64.whl", hash = "sha256:c3d5731a120752248844676bf92f25a12f6e45425e63ce22e0849297a093b5b0"},
    {file = "pydantic-1.10.15-cp311-cp311-macosx_11_0_arm64.whl", hash = "sha256:c365ad9c394f9eeffcb30a82f4246c0006417f03a7c0f8315d6211f25f7cb654"},
    {file = "pydantic-1.10.15-cp311-cp311-manylinux_2_17_x86_64.manylinux2014_x86_64.whl", hash = "sha256:3287e1614393119c67bd4404f46e33ae3be3ed4cd10360b48d0a4459f420c6a3"},
    {file = "pydantic-1.10.15-cp311-cp311-manylinux_2_5_i686.manylinux1_i686.manylinux_2_17_i686.manylinux2014_i686.whl", hash = "sha256:be51dd2c8596b25fe43c0a4a59c2bee4f18d88efb8031188f9e7ddc6b469cf44"},
    {file = "pydantic-1.10.15-cp311-cp311-musllinux_1_1_i686.whl", hash = "sha256:6a51a1dd4aa7b3f1317f65493a182d3cff708385327c1c82c81e4a9d6d65b2e4"},
    {file = "pydantic-1.10.15-cp311-cp311-musllinux_1_1_x86_64.whl", hash = "sha256:4e316e54b5775d1eb59187f9290aeb38acf620e10f7fd2f776d97bb788199e53"},
    {file = "pydantic-1.10.15-cp311-cp311-win_amd64.whl", hash = "sha256:0d142fa1b8f2f0ae11ddd5e3e317dcac060b951d605fda26ca9b234b92214986"},
    {file = "pydantic-1.10.15-cp37-cp37m-macosx_10_9_x86_64.whl", hash = "sha256:7ea210336b891f5ea334f8fc9f8f862b87acd5d4a0cbc9e3e208e7aa1775dabf"},
    {file = "pydantic-1.10.15-cp37-cp37m-manylinux_2_17_x86_64.manylinux2014_x86_64.whl", hash = "sha256:3453685ccd7140715e05f2193d64030101eaad26076fad4e246c1cc97e1bb30d"},
    {file = "pydantic-1.10.15-cp37-cp37m-manylinux_2_5_i686.manylinux1_i686.manylinux_2_17_i686.manylinux2014_i686.whl", hash = "sha256:9bea1f03b8d4e8e86702c918ccfd5d947ac268f0f0cc6ed71782e4b09353b26f"},
    {file = "pydantic-1.10.15-cp37-cp37m-musllinux_1_1_i686.whl", hash = "sha256:005655cabc29081de8243126e036f2065bd7ea5b9dff95fde6d2c642d39755de"},
    {file = "pydantic-1.10.15-cp37-cp37m-musllinux_1_1_x86_64.whl", hash = "sha256:af9850d98fc21e5bc24ea9e35dd80a29faf6462c608728a110c0a30b595e58b7"},
    {file = "pydantic-1.10.15-cp37-cp37m-win_amd64.whl", hash = "sha256:d31ee5b14a82c9afe2bd26aaa405293d4237d0591527d9129ce36e58f19f95c1"},
    {file = "pydantic-1.10.15-cp38-cp38-macosx_10_9_x86_64.whl", hash = "sha256:5e09c19df304b8123938dc3c53d3d3be6ec74b9d7d0d80f4f4b5432ae16c2022"},
    {file = "pydantic-1.10.15-cp38-cp38-macosx_11_0_arm64.whl", hash = "sha256:7ac9237cd62947db00a0d16acf2f3e00d1ae9d3bd602b9c415f93e7a9fc10528"},
    {file = "pydantic-1.10.15-cp38-cp38-manylinux_2_17_x86_64.manylinux2014_x86_64.whl", hash = "sha256:584f2d4c98ffec420e02305cf675857bae03c9d617fcfdc34946b1160213a948"},
    {file = "pydantic-1.10.15-cp38-cp38-manylinux_2_5_i686.manylinux1_i686.manylinux_2_17_i686.manylinux2014_i686.whl", hash = "sha256:bbc6989fad0c030bd70a0b6f626f98a862224bc2b1e36bfc531ea2facc0a340c"},
    {file = "pydantic-1.10.15-cp38-cp38-musllinux_1_1_i686.whl", hash = "sha256:d573082c6ef99336f2cb5b667b781d2f776d4af311574fb53d908517ba523c22"},
    {file = "pydantic-1.10.15-cp38-cp38-musllinux_1_1_x86_64.whl", hash = "sha256:6bd7030c9abc80134087d8b6e7aa957e43d35714daa116aced57269a445b8f7b"},
    {file = "pydantic-1.10.15-cp38-cp38-win_amd64.whl", hash = "sha256:3350f527bb04138f8aff932dc828f154847fbdc7a1a44c240fbfff1b57f49a12"},
    {file = "pydantic-1.10.15-cp39-cp39-macosx_10_9_x86_64.whl", hash = "sha256:51d405b42f1b86703555797270e4970a9f9bd7953f3990142e69d1037f9d9e51"},
    {file = "pydantic-1.10.15-cp39-cp39-macosx_11_0_arm64.whl", hash = "sha256:a980a77c52723b0dc56640ced396b73a024d4b74f02bcb2d21dbbac1debbe9d0"},
    {file = "pydantic-1.10.15-cp39-cp39-manylinux_2_17_x86_64.manylinux2014_x86_64.whl", hash = "sha256:67f1a1fb467d3f49e1708a3f632b11c69fccb4e748a325d5a491ddc7b5d22383"},
    {file = "pydantic-1.10.15-cp39-cp39-manylinux_2_5_i686.manylinux1_i686.manylinux_2_17_i686.manylinux2014_i686.whl", hash = "sha256:676ed48f2c5bbad835f1a8ed8a6d44c1cd5a21121116d2ac40bd1cd3619746ed"},
    {file = "pydantic-1.10.15-cp39-cp39-musllinux_1_1_i686.whl", hash = "sha256:92229f73400b80c13afcd050687f4d7e88de9234d74b27e6728aa689abcf58cc"},
    {file = "pydantic-1.10.15-cp39-cp39-musllinux_1_1_x86_64.whl", hash = "sha256:2746189100c646682eff0bce95efa7d2e203420d8e1c613dc0c6b4c1d9c1fde4"},
    {file = "pydantic-1.10.15-cp39-cp39-win_amd64.whl", hash = "sha256:394f08750bd8eaad714718812e7fab615f873b3cdd0b9d84e76e51ef3b50b6b7"},
    {file = "pydantic-1.10.15-py3-none-any.whl", hash = "sha256:28e552a060ba2740d0d2aabe35162652c1459a0b9069fe0db7f4ee0e18e74d58"},
    {file = "pydantic-1.10.15.tar.gz", hash = "sha256:ca832e124eda231a60a041da4f013e3ff24949d94a01154b137fc2f2a43c3ffb"},
]

[package.dependencies]
typing-extensions = ">=4.2.0"

[package.extras]
dotenv = ["python-dotenv (>=0.10.4)"]
email = ["email-validator (>=1.0.3)"]

[[package]]
name = "pyflakes"
version = "2.3.1"
description = "passive checker of Python programs"
optional = false
python-versions = ">=2.7, !=3.0.*, !=3.1.*, !=3.2.*, !=3.3.*"
files = [
    {file = "pyflakes-2.3.1-py2.py3-none-any.whl", hash = "sha256:7893783d01b8a89811dd72d7dfd4d84ff098e5eed95cfa8905b22bbffe52efc3"},
    {file = "pyflakes-2.3.1.tar.gz", hash = "sha256:f5bc8ecabc05bb9d291eb5203d6810b49040f6ff446a756326104746cc00c1db"},
]

[[package]]
name = "pyproject-hooks"
version = "1.1.0"
description = "Wrappers to call pyproject.toml-based build backend hooks."
optional = false
python-versions = ">=3.7"
files = [
    {file = "pyproject_hooks-1.1.0-py3-none-any.whl", hash = "sha256:7ceeefe9aec63a1064c18d939bdc3adf2d8aa1988a510afec15151578b232aa2"},
    {file = "pyproject_hooks-1.1.0.tar.gz", hash = "sha256:4b37730834edbd6bd37f26ece6b44802fb1c1ee2ece0e54ddff8bfc06db86965"},
]

[[package]]
name = "pytest"
version = "7.4.4"
description = "pytest: simple powerful testing with Python"
optional = false
python-versions = ">=3.7"
files = [
    {file = "pytest-7.4.4-py3-none-any.whl", hash = "sha256:b090cdf5ed60bf4c45261be03239c2c1c22df034fbffe691abe93cd80cea01d8"},
    {file = "pytest-7.4.4.tar.gz", hash = "sha256:2cf0005922c6ace4a3e2ec8b4080eb0d9753fdc93107415332f50ce9e7994280"},
]

[package.dependencies]
colorama = {version = "*", markers = "sys_platform == \"win32\""}
exceptiongroup = {version = ">=1.0.0rc8", markers = "python_version < \"3.11\""}
iniconfig = "*"
packaging = "*"
pluggy = ">=0.12,<2.0"
tomli = {version = ">=1.0.0", markers = "python_version < \"3.11\""}

[package.extras]
testing = ["argcomplete", "attrs (>=19.2.0)", "hypothesis (>=3.56)", "mock", "nose", "pygments (>=2.7.2)", "requests", "setuptools", "xmlschema"]

[[package]]
name = "setuptools"
version = "70.0.0"
description = "Easily download, build, install, upgrade, and uninstall Python packages"
optional = false
python-versions = ">=3.8"
files = [
    {file = "setuptools-70.0.0-py3-none-any.whl", hash = "sha256:54faa7f2e8d2d11bcd2c07bed282eef1046b5c080d1c32add737d7b5817b1ad4"},
    {file = "setuptools-70.0.0.tar.gz", hash = "sha256:f211a66637b8fa059bb28183da127d4e86396c991a942b028c6650d4319c3fd0"},
]

[package.extras]
docs = ["furo", "jaraco.packaging (>=9.3)", "jaraco.tidelift (>=1.4)", "pygments-github-lexers (==0.0.5)", "pyproject-hooks (!=1.1)", "rst.linker (>=1.9)", "sphinx (>=3.5)", "sphinx-favicon", "sphinx-inline-tabs", "sphinx-lint", "sphinx-notfound-page (>=1,<2)", "sphinx-reredirects", "sphinxcontrib-towncrier"]
testing = ["build[virtualenv] (>=1.0.3)", "filelock (>=3.4.0)", "importlib-metadata", "ini2toml[lite] (>=0.14)", "jaraco.develop (>=7.21)", "jaraco.envs (>=2.2)", "jaraco.path (>=3.2.0)", "mypy (==1.9)", "packaging (>=23.2)", "pip (>=19.1)", "pyproject-hooks (!=1.1)", "pytest (>=6,!=8.1.1)", "pytest-checkdocs (>=2.4)", "pytest-cov", "pytest-enabler (>=2.2)", "pytest-home (>=0.5)", "pytest-mypy", "pytest-perf", "pytest-ruff (>=0.2.1)", "pytest-subprocess", "pytest-timeout", "pytest-xdist (>=3)", "tomli", "tomli-w (>=1.0.0)", "virtualenv (>=13.0.0)", "wheel"]

[[package]]
name = "toml"
version = "0.10.2"
description = "Python Library for Tom's Obvious, Minimal Language"
optional = false
python-versions = ">=2.6, !=3.0.*, !=3.1.*, !=3.2.*"
files = [
    {file = "toml-0.10.2-py2.py3-none-any.whl", hash = "sha256:806143ae5bfb6a3c6e736a764057db0e6a0e05e338b5630894a5f779cabb4f9b"},
    {file = "toml-0.10.2.tar.gz", hash = "sha256:b3bda1d108d5dd99f4a20d24d9c348e91c4db7ab1b749200bded2f839ccbe68f"},
]

[[package]]
name = "tomli"
version = "2.0.1"
description = "A lil' TOML parser"
optional = false
python-versions = ">=3.7"
files = [
    {file = "tomli-2.0.1-py3-none-any.whl", hash = "sha256:939de3e7a6161af0c887ef91b7d41a53e7c5a1ca976325f429cb46ea9bc30ecc"},
    {file = "tomli-2.0.1.tar.gz", hash = "sha256:de526c12914f0c550d15924c62d72abc48d6fe7364aa87328337a31007fe8a4f"},
]

[[package]]
name = "typing-extensions"
version = "4.12.2"
description = "Backported and Experimental Type Hints for Python 3.8+"
optional = false
python-versions = ">=3.8"
files = [
    {file = "typing_extensions-4.12.2-py3-none-any.whl", hash = "sha256:04e5ca0351e0f3f85c6853954072df659d0d13fac324d0072316b67d7794700d"},
    {file = "typing_extensions-4.12.2.tar.gz", hash = "sha256:1a7ead55c7e559dd4dee8856e3a88b41225abfe1ce8df57b7c13915fe121ffb8"},
]

[[package]]
name = "zipp"
version = "3.19.2"
description = "Backport of pathlib-compatible object wrapper for zip files"
optional = false
python-versions = ">=3.8"
files = [
    {file = "zipp-3.19.2-py3-none-any.whl", hash = "sha256:f091755f667055f2d02b32c53771a7a6c8b47e1fdbc4b72a8b9072b3eef8015c"},
    {file = "zipp-3.19.2.tar.gz", hash = "sha256:bf1dcf6450f873a13e952a29504887c89e6de7506209e5b1bcc3460135d4de19"},
]

[package.extras]
doc = ["furo", "jaraco.packaging (>=9.3)", "jaraco.tidelift (>=1.4)", "rst.linker (>=1.9)", "sphinx (>=3.5)", "sphinx-lint"]
test = ["big-O", "importlib-resources", "jaraco.functools", "jaraco.itertools", "jaraco.test", "more-itertools", "pytest (>=6,!=8.1.*)", "pytest-checkdocs (>=2.4)", "pytest-cov", "pytest-enabler (>=2.2)", "pytest-ignore-flaky", "pytest-mypy", "pytest-ruff (>=0.2.1)"]

[metadata]
lock-version = "2.0"
python-versions = ">=3.9"
content-hash = "9ef12689704a10491b8394a6d853ce0fe5a4b8b8a913b94735d5f7698a66b1d4"
