# This file is automatically @generated by Poetry 2.1.1 and should not be changed by hand.

[[package]]
name = "annotated-types"
version = "0.7.0"
description = "Reusable constraint types to use with typing.Annotated"
optional = false
python-versions = ">=3.8"
groups = ["main"]
files = [
    {file = "annotated_types-0.7.0-py3-none-any.whl", hash = "sha256:1f02e8b43a8fbbc3f3e0d4f0f4bfc8131bcb4eebe8849b8e5c773f3a1c582a53"},
    {file = "annotated_types-0.7.0.tar.gz", hash = "sha256:aff07c09a53a08bc8cfccb9c85b05f1aa9a2a6f23728d790723543408344ce89"},
]

[[package]]
name = "build"
version = "1.2.2.post1"
description = "A simple, correct Python build frontend"
optional = false
python-versions = ">=3.8"
groups = ["dev"]
files = [
    {file = "build-1.2.2.post1-py3-none-any.whl", hash = "sha256:1d61c0887fa860c01971625baae8bdd338e517b836a2f70dd1f7aa3a6b2fc5b5"},
    {file = "build-1.2.2.post1.tar.gz", hash = "sha256:b36993e92ca9375a219c99e606a122ff365a760a2d4bba0caa09bd5278b608b7"},
]

[package.dependencies]
colorama = {version = "*", markers = "os_name == \"nt\""}
importlib-metadata = {version = ">=4.6", markers = "python_full_version < \"3.10.2\""}
packaging = ">=19.1"
pyproject_hooks = "*"
tomli = {version = ">=1.1.0", markers = "python_version < \"3.11\""}

[package.extras]
docs = ["furo (>=2023.08.17)", "sphinx (>=7.0,<8.0)", "sphinx-argparse-cli (>=1.5)", "sphinx-autodoc-typehints (>=1.10)", "sphinx-issues (>=3.0.0)"]
test = ["build[uv,virtualenv]", "filelock (>=3)", "pytest (>=6.2.4)", "pytest-cov (>=2.12)", "pytest-mock (>=2)", "pytest-rerunfailures (>=9.1)", "pytest-xdist (>=1.34)", "setuptools (>=42.0.0) ; python_version < \"3.10\"", "setuptools (>=56.0.0) ; python_version == \"3.10\"", "setuptools (>=56.0.0) ; python_version == \"3.11\"", "setuptools (>=67.8.0) ; python_version >= \"3.12\"", "wheel (>=0.36.0)"]
typing = ["build[uv]", "importlib-metadata (>=5.1)", "mypy (>=1.9.0,<1.10.0)", "tomli", "typing-extensions (>=3.7.4.3)"]
uv = ["uv (>=0.1.18)"]
virtualenv = ["virtualenv (>=20.0.35)"]

[[package]]
name = "check-manifest"
version = "0.46"
description = "Check MANIFEST.in in a Python source package for completeness"
optional = false
python-versions = ">=3.6"
groups = ["dev"]
files = [
    {file = "check-manifest-0.46.tar.gz", hash = "sha256:5895e42a012989bdc51854a02c82c8d6898112a4ab11f2d7878200520b49d428"},
    {file = "check_manifest-0.46-py3-none-any.whl", hash = "sha256:b59b0e7c7ed3946537677c9ab9b2c2cb7be9b1807fd40bc4dfc1eef31d42cff5"},
]

[package.dependencies]
build = ">=0.1"
setuptools = "*"
toml = "*"

[package.extras]
test = ["mock (>=3.0.0)", "pytest"]

[[package]]
name = "colorama"
version = "0.4.6"
description = "Cross-platform colored terminal text."
optional = false
python-versions = "!=3.0.*,!=3.1.*,!=3.2.*,!=3.3.*,!=3.4.*,!=3.5.*,!=3.6.*,>=2.7"
groups = ["dev"]
markers = "sys_platform == \"win32\" or os_name == \"nt\""
files = [
    {file = "colorama-0.4.6-py2.py3-none-any.whl", hash = "sha256:4f1d9991f5acc0ca119f9d443620b77f9d6b33703e51011c16baf57afb285fc6"},
    {file = "colorama-0.4.6.tar.gz", hash = "sha256:08695f5cb7ed6e0531a20572697297273c47b8cae5a63ffc6d6ed5c201be6e44"},
]

[[package]]
name = "coverage"
version = "6.5.0"
description = "Code coverage measurement for Python"
optional = false
python-versions = ">=3.7"
groups = ["dev"]
files = [
    {file = "coverage-6.5.0-cp310-cp310-macosx_10_9_x86_64.whl", hash = "sha256:ef8674b0ee8cc11e2d574e3e2998aea5df5ab242e012286824ea3c6970580e53"},
    {file = "coverage-6.5.0-cp310-cp310-macosx_11_0_arm64.whl", hash = "sha256:784f53ebc9f3fd0e2a3f6a78b2be1bd1f5575d7863e10c6e12504f240fd06660"},
    {file = "coverage-6.5.0-cp310-cp310-manylinux_2_17_aarch64.manylinux2014_aarch64.whl", hash = "sha256:b4a5be1748d538a710f87542f22c2cad22f80545a847ad91ce45e77417293eb4"},
    {file = "coverage-6.5.0-cp310-cp310-manylinux_2_5_i686.manylinux1_i686.manylinux_2_17_i686.manylinux2014_i686.whl", hash = "sha256:83516205e254a0cb77d2d7bb3632ee019d93d9f4005de31dca0a8c3667d5bc04"},
    {file = "coverage-6.5.0-cp310-cp310-manylinux_2_5_x86_64.manylinux1_x86_64.manylinux_2_17_x86_64.manylinux2014_x86_64.whl", hash = "sha256:af4fffaffc4067232253715065e30c5a7ec6faac36f8fc8d6f64263b15f74db0"},
    {file = "coverage-6.5.0-cp310-cp310-musllinux_1_1_aarch64.whl", hash = "sha256:97117225cdd992a9c2a5515db1f66b59db634f59d0679ca1fa3fe8da32749cae"},
    {file = "coverage-6.5.0-cp310-cp310-musllinux_1_1_i686.whl", hash = "sha256:a1170fa54185845505fbfa672f1c1ab175446c887cce8212c44149581cf2d466"},
    {file = "coverage-6.5.0-cp310-cp310-musllinux_1_1_x86_64.whl", hash = "sha256:11b990d520ea75e7ee8dcab5bc908072aaada194a794db9f6d7d5cfd19661e5a"},
    {file = "coverage-6.5.0-cp310-cp310-win32.whl", hash = "sha256:5dbec3b9095749390c09ab7c89d314727f18800060d8d24e87f01fb9cfb40b32"},
    {file = "coverage-6.5.0-cp310-cp310-win_amd64.whl", hash = "sha256:59f53f1dc5b656cafb1badd0feb428c1e7bc19b867479ff72f7a9dd9b479f10e"},
    {file = "coverage-6.5.0-cp311-cp311-macosx_10_9_x86_64.whl", hash = "sha256:4a5375e28c5191ac38cca59b38edd33ef4cc914732c916f2929029b4bfb50795"},
    {file = "coverage-6.5.0-cp311-cp311-manylinux_2_17_aarch64.manylinux2014_aarch64.whl", hash = "sha256:c4ed2820d919351f4167e52425e096af41bfabacb1857186c1ea32ff9983ed75"},
    {file = "coverage-6.5.0-cp311-cp311-manylinux_2_5_i686.manylinux1_i686.manylinux_2_17_i686.manylinux2014_i686.whl", hash = "sha256:33a7da4376d5977fbf0a8ed91c4dffaaa8dbf0ddbf4c8eea500a2486d8bc4d7b"},
    {file = "coverage-6.5.0-cp311-cp311-manylinux_2_5_x86_64.manylinux1_x86_64.manylinux_2_17_x86_64.manylinux2014_x86_64.whl", hash = "sha256:a8fb6cf131ac4070c9c5a3e21de0f7dc5a0fbe8bc77c9456ced896c12fcdad91"},
    {file = "coverage-6.5.0-cp311-cp311-musllinux_1_1_aarch64.whl", hash = "sha256:a6b7d95969b8845250586f269e81e5dfdd8ff828ddeb8567a4a2eaa7313460c4"},
    {file = "coverage-6.5.0-cp311-cp311-musllinux_1_1_i686.whl", hash = "sha256:1ef221513e6f68b69ee9e159506d583d31aa3567e0ae84eaad9d6ec1107dddaa"},
    {file = "coverage-6.5.0-cp311-cp311-musllinux_1_1_x86_64.whl", hash = "sha256:cca4435eebea7962a52bdb216dec27215d0df64cf27fc1dd538415f5d2b9da6b"},
    {file = "coverage-6.5.0-cp311-cp311-win32.whl", hash = "sha256:98e8a10b7a314f454d9eff4216a9a94d143a7ee65018dd12442e898ee2310578"},
    {file = "coverage-6.5.0-cp311-cp311-win_amd64.whl", hash = "sha256:bc8ef5e043a2af066fa8cbfc6e708d58017024dc4345a1f9757b329a249f041b"},
    {file = "coverage-6.5.0-cp37-cp37m-macosx_10_9_x86_64.whl", hash = "sha256:4433b90fae13f86fafff0b326453dd42fc9a639a0d9e4eec4d366436d1a41b6d"},
    {file = "coverage-6.5.0-cp37-cp37m-manylinux_2_17_aarch64.manylinux2014_aarch64.whl", hash = "sha256:f4f05d88d9a80ad3cac6244d36dd89a3c00abc16371769f1340101d3cb899fc3"},
    {file = "coverage-6.5.0-cp37-cp37m-manylinux_2_5_i686.manylinux1_i686.manylinux_2_17_i686.manylinux2014_i686.whl", hash = "sha256:94e2565443291bd778421856bc975d351738963071e9b8839ca1fc08b42d4bef"},
    {file = "coverage-6.5.0-cp37-cp37m-manylinux_2_5_x86_64.manylinux1_x86_64.manylinux_2_17_x86_64.manylinux2014_x86_64.whl", hash = "sha256:027018943386e7b942fa832372ebc120155fd970837489896099f5cfa2890f79"},
    {file = "coverage-6.5.0-cp37-cp37m-musllinux_1_1_aarch64.whl", hash = "sha256:255758a1e3b61db372ec2736c8e2a1fdfaf563977eedbdf131de003ca5779b7d"},
    {file = "coverage-6.5.0-cp37-cp37m-musllinux_1_1_i686.whl", hash = "sha256:851cf4ff24062c6aec510a454b2584f6e998cada52d4cb58c5e233d07172e50c"},
    {file = "coverage-6.5.0-cp37-cp37m-musllinux_1_1_x86_64.whl", hash = "sha256:12adf310e4aafddc58afdb04d686795f33f4d7a6fa67a7a9d4ce7d6ae24d949f"},
    {file = "coverage-6.5.0-cp37-cp37m-win32.whl", hash = "sha256:b5604380f3415ba69de87a289a2b56687faa4fe04dbee0754bfcae433489316b"},
    {file = "coverage-6.5.0-cp37-cp37m-win_amd64.whl", hash = "sha256:4a8dbc1f0fbb2ae3de73eb0bdbb914180c7abfbf258e90b311dcd4f585d44bd2"},
    {file = "coverage-6.5.0-cp38-cp38-macosx_10_9_x86_64.whl", hash = "sha256:d900bb429fdfd7f511f868cedd03a6bbb142f3f9118c09b99ef8dc9bf9643c3c"},
    {file = "coverage-6.5.0-cp38-cp38-macosx_11_0_arm64.whl", hash = "sha256:2198ea6fc548de52adc826f62cb18554caedfb1d26548c1b7c88d8f7faa8f6ba"},
    {file = "coverage-6.5.0-cp38-cp38-manylinux_2_17_aarch64.manylinux2014_aarch64.whl", hash = "sha256:6c4459b3de97b75e3bd6b7d4b7f0db13f17f504f3d13e2a7c623786289dd670e"},
    {file = "coverage-6.5.0-cp38-cp38-manylinux_2_5_i686.manylinux1_i686.manylinux_2_17_i686.manylinux2014_i686.whl", hash = "sha256:20c8ac5386253717e5ccc827caad43ed66fea0efe255727b1053a8154d952398"},
    {file = "coverage-6.5.0-cp38-cp38-manylinux_2_5_x86_64.manylinux1_x86_64.manylinux_2_17_x86_64.manylinux2014_x86_64.whl", hash = "sha256:6b07130585d54fe8dff3d97b93b0e20290de974dc8177c320aeaf23459219c0b"},
    {file = "coverage-6.5.0-cp38-cp38-musllinux_1_1_aarch64.whl", hash = "sha256:dbdb91cd8c048c2b09eb17713b0c12a54fbd587d79adcebad543bc0cd9a3410b"},
    {file = "coverage-6.5.0-cp38-cp38-musllinux_1_1_i686.whl", hash = "sha256:de3001a203182842a4630e7b8d1a2c7c07ec1b45d3084a83d5d227a3806f530f"},
    {file = "coverage-6.5.0-cp38-cp38-musllinux_1_1_x86_64.whl", hash = "sha256:e07f4a4a9b41583d6eabec04f8b68076ab3cd44c20bd29332c6572dda36f372e"},
    {file = "coverage-6.5.0-cp38-cp38-win32.whl", hash = "sha256:6d4817234349a80dbf03640cec6109cd90cba068330703fa65ddf56b60223a6d"},
    {file = "coverage-6.5.0-cp38-cp38-win_amd64.whl", hash = "sha256:7ccf362abd726b0410bf8911c31fbf97f09f8f1061f8c1cf03dfc4b6372848f6"},
    {file = "coverage-6.5.0-cp39-cp39-macosx_10_9_x86_64.whl", hash = "sha256:633713d70ad6bfc49b34ead4060531658dc6dfc9b3eb7d8a716d5873377ab745"},
    {file = "coverage-6.5.0-cp39-cp39-macosx_11_0_arm64.whl", hash = "sha256:95203854f974e07af96358c0b261f1048d8e1083f2de9b1c565e1be4a3a48cfc"},
    {file = "coverage-6.5.0-cp39-cp39-manylinux_2_17_aarch64.manylinux2014_aarch64.whl", hash = "sha256:b9023e237f4c02ff739581ef35969c3739445fb059b060ca51771e69101efffe"},
    {file = "coverage-6.5.0-cp39-cp39-manylinux_2_5_i686.manylinux1_i686.manylinux_2_17_i686.manylinux2014_i686.whl", hash = "sha256:265de0fa6778d07de30bcf4d9dc471c3dc4314a23a3c6603d356a3c9abc2dfcf"},
    {file = "coverage-6.5.0-cp39-cp39-manylinux_2_5_x86_64.manylinux1_x86_64.manylinux_2_17_x86_64.manylinux2014_x86_64.whl", hash = "sha256:8f830ed581b45b82451a40faabb89c84e1a998124ee4212d440e9c6cf70083e5"},
    {file = "coverage-6.5.0-cp39-cp39-musllinux_1_1_aarch64.whl", hash = "sha256:7b6be138d61e458e18d8e6ddcddd36dd96215edfe5f1168de0b1b32635839b62"},
    {file = "coverage-6.5.0-cp39-cp39-musllinux_1_1_i686.whl", hash = "sha256:42eafe6778551cf006a7c43153af1211c3aaab658d4d66fa5fcc021613d02518"},
    {file = "coverage-6.5.0-cp39-cp39-musllinux_1_1_x86_64.whl", hash = "sha256:723e8130d4ecc8f56e9a611e73b31219595baa3bb252d539206f7bbbab6ffc1f"},
    {file = "coverage-6.5.0-cp39-cp39-win32.whl", hash = "sha256:d9ecf0829c6a62b9b573c7bb6d4dcd6ba8b6f80be9ba4fc7ed50bf4ac9aecd72"},
    {file = "coverage-6.5.0-cp39-cp39-win_amd64.whl", hash = "sha256:fc2af30ed0d5ae0b1abdb4ebdce598eafd5b35397d4d75deb341a614d333d987"},
    {file = "coverage-6.5.0-pp36.pp37.pp38-none-any.whl", hash = "sha256:1431986dac3923c5945271f169f59c45b8802a114c8f548d611f2015133df77a"},
    {file = "coverage-6.5.0.tar.gz", hash = "sha256:f642e90754ee3e06b0e7e51bce3379590e76b7f76b708e1a71ff043f87025c84"},
]

[package.extras]
toml = ["tomli ; python_full_version <= \"3.11.0a6\""]

[[package]]
name = "exceptiongroup"
version = "1.2.2"
description = "Backport of PEP 654 (exception groups)"
optional = false
python-versions = ">=3.7"
groups = ["dev"]
markers = "python_version < \"3.11\""
files = [
    {file = "exceptiongroup-1.2.2-py3-none-any.whl", hash = "sha256:3111b9d131c238bec2f8f516e123e14ba243563fb135d3fe885990585aa7795b"},
    {file = "exceptiongroup-1.2.2.tar.gz", hash = "sha256:47c2edf7c6738fafb49fd34290706d1a1a2f4d1c6df275526b62cbb4aa5393cc"},
]

[package.extras]
test = ["pytest (>=6)"]

[[package]]
name = "flake8"
version = "3.9.2"
description = "the modular source code checker: pep8 pyflakes and co"
optional = false
python-versions = "!=3.0.*,!=3.1.*,!=3.2.*,!=3.3.*,!=3.4.*,>=2.7"
groups = ["dev"]
files = [
    {file = "flake8-3.9.2-py2.py3-none-any.whl", hash = "sha256:bf8fd333346d844f616e8d47905ef3a3384edae6b4e9beb0c5101e25e3110907"},
    {file = "flake8-3.9.2.tar.gz", hash = "sha256:07528381786f2a6237b061f6e96610a4167b226cb926e2aa2b6b1d78057c576b"},
]

[package.dependencies]
mccabe = ">=0.6.0,<0.7.0"
pycodestyle = ">=2.7.0,<2.8.0"
pyflakes = ">=2.3.0,<2.4.0"

[[package]]
name = "importlib-metadata"
version = "8.6.1"
description = "Read metadata from Python packages"
optional = false
python-versions = ">=3.9"
groups = ["dev"]
markers = "python_full_version < \"3.10.2\""
files = [
    {file = "importlib_metadata-8.6.1-py3-none-any.whl", hash = "sha256:02a89390c1e15fdfdc0d7c6b25cb3e62650d0494005c97d6f148bf5b9787525e"},
    {file = "importlib_metadata-8.6.1.tar.gz", hash = "sha256:310b41d755445d74569f993ccfc22838295d9fe005425094fad953d7f15c8580"},
]

[package.dependencies]
zipp = ">=3.20"

[package.extras]
check = ["pytest-checkdocs (>=2.4)", "pytest-ruff (>=0.2.1) ; sys_platform != \"cygwin\""]
cover = ["pytest-cov"]
doc = ["furo", "jaraco.packaging (>=9.3)", "jaraco.tidelift (>=1.4)", "rst.linker (>=1.9)", "sphinx (>=3.5)", "sphinx-lint"]
enabler = ["pytest-enabler (>=2.2)"]
perf = ["ipython"]
test = ["flufl.flake8", "importlib_resources (>=1.3) ; python_version < \"3.9\"", "jaraco.test (>=5.4)", "packaging", "pyfakefs", "pytest (>=6,!=8.1.*)", "pytest-perf (>=0.9.2)"]
type = ["pytest-mypy"]

[[package]]
name = "iniconfig"
version = "2.1.0"
description = "brain-dead simple config-ini parsing"
optional = false
python-versions = ">=3.8"
groups = ["dev"]
files = [
    {file = "iniconfig-2.1.0-py3-none-any.whl", hash = "sha256:9deba5723312380e77435581c6bf4935c94cbfab9b1ed33ef8d238ea168eb760"},
    {file = "iniconfig-2.1.0.tar.gz", hash = "sha256:3abbd2e30b36733fee78f9c7f7308f2d0050e88f0087fd25c2645f63c773e1c7"},
]

[[package]]
name = "mccabe"
version = "0.6.1"
description = "McCabe checker, plugin for flake8"
optional = false
python-versions = "*"
groups = ["dev"]
files = [
    {file = "mccabe-0.6.1-py2.py3-none-any.whl", hash = "sha256:ab8a6258860da4b6677da4bd2fe5dc2c659cff31b3ee4f7f5d64e79735b80d42"},
    {file = "mccabe-0.6.1.tar.gz", hash = "sha256:dd8d182285a0fe56bace7f45b5e7d1a6ebcbf524e8f3bd87eb0f125271b8831f"},
]

[[package]]
name = "packaging"
version = "24.2"
description = "Core utilities for Python packages"
optional = false
python-versions = ">=3.8"
groups = ["dev"]
files = [
    {file = "packaging-24.2-py3-none-any.whl", hash = "sha256:09abb1bccd265c01f4a3aa3f7a7db064b36514d2cba19a2f694fe6150451a759"},
    {file = "packaging-24.2.tar.gz", hash = "sha256:c228a6dc5e932d346bc5739379109d49e8853dd8223571c7c5b55260edc0b97f"},
]

[[package]]
name = "pluggy"
version = "1.5.0"
description = "plugin and hook calling mechanisms for python"
optional = false
python-versions = ">=3.8"
groups = ["dev"]
files = [
    {file = "pluggy-1.5.0-py3-none-any.whl", hash = "sha256:44e1ad92c8ca002de6377e165f3e0f1be63266ab4d554740532335b9d75ea669"},
    {file = "pluggy-1.5.0.tar.gz", hash = "sha256:2cffa88e94fdc978c4c574f15f9e59b7f4201d439195c3715ca9e2486f1d0cf1"},
]

[package.extras]
dev = ["pre-commit", "tox"]
testing = ["pytest", "pytest-benchmark"]

[[package]]
name = "polars"
version = "1.25.2"
description = "Blazingly fast DataFrame library"
optional = false
python-versions = ">=3.9"
groups = ["main"]
files = [
    {file = "polars-1.25.2-cp39-abi3-macosx_10_12_x86_64.whl", hash = "sha256:59f2a34520ea4307a22e18b832310f8045a8a348606ca99ae785499b31eb4170"},
    {file = "polars-1.25.2-cp39-abi3-macosx_11_0_arm64.whl", hash = "sha256:e9fe45bdc2327c2e2b64e8849a992b6d3bd4a7e7848b8a7a3a439cca9674dc87"},
    {file = "polars-1.25.2-cp39-abi3-manylinux_2_17_x86_64.manylinux2014_x86_64.whl", hash = "sha256:f7fcbb4f476784384ccda48757fca4e8c2e2c5a0a3aef3717aaf56aee4e30e09"},
    {file = "polars-1.25.2-cp39-abi3-manylinux_2_24_aarch64.whl", hash = "sha256:9dd91885c9ee5ffad8725c8591f73fb7bd2632c740277ee641f0453176b3d4b8"},
    {file = "polars-1.25.2-cp39-abi3-win_amd64.whl", hash = "sha256:a547796643b9a56cb2959be87d7cb87ff80a5c8ae9367f32fe1ad717039e9afc"},
    {file = "polars-1.25.2-cp39-abi3-win_arm64.whl", hash = "sha256:a2488e9d4b67bf47b18088f7264999180559e6ec2637ed11f9d0d4f98a74a37c"},
    {file = "polars-1.25.2.tar.gz", hash = "sha256:c6bd9b1b17c86e49bcf8aac44d2238b77e414d7df890afc3924812a5c989a4fe"},
]

[package.extras]
adbc = ["adbc-driver-manager[dbapi]", "adbc-driver-sqlite[dbapi]"]
all = ["polars[async,cloudpickle,database,deltalake,excel,fsspec,graph,iceberg,numpy,pandas,plot,pyarrow,pydantic,style,timezone]"]
async = ["gevent"]
calamine = ["fastexcel (>=0.9)"]
cloudpickle = ["cloudpickle"]
connectorx = ["connectorx (>=0.3.2)"]
database = ["polars[adbc,connectorx,sqlalchemy]"]
deltalake = ["deltalake (>=0.19.0)"]
excel = ["polars[calamine,openpyxl,xlsx2csv,xlsxwriter]"]
fsspec = ["fsspec"]
gpu = ["cudf-polars-cu12"]
graph = ["matplotlib"]
iceberg = ["pyiceberg (>=0.7.1)"]
numpy = ["numpy (>=1.16.0)"]
openpyxl = ["openpyxl (>=3.0.0)"]
pandas = ["pandas", "polars[pyarrow]"]
plot = ["altair (>=5.4.0)"]
polars-cloud = ["polars-cloud (>=0.0.1a1)"]
pyarrow = ["pyarrow (>=7.0.0)"]
pydantic = ["pydantic"]
sqlalchemy = ["polars[pandas]", "sqlalchemy"]
style = ["great-tables (>=0.8.0)"]
timezone = ["tzdata ; platform_system == \"Windows\""]
xlsx2csv = ["xlsx2csv (>=0.8.0)"]
xlsxwriter = ["xlsxwriter"]

[[package]]
name = "polars-ds"
version = "0.8.2"
description = ""
optional = false
python-versions = ">=3.9"
groups = ["main"]
files = [
    {file = "polars_ds-0.8.2-cp39-abi3-macosx_10_12_x86_64.whl", hash = "sha256:759d19fd91cf24f861920911578908b99cd8d1768a457ec1217bceebfba2de6c"},
    {file = "polars_ds-0.8.2-cp39-abi3-macosx_11_0_arm64.whl", hash = "sha256:469882c3570018c65b6826216a7cf4084283fc8ba014ff3744b8a6c40d25eeba"},
    {file = "polars_ds-0.8.2-cp39-abi3-manylinux_2_17_x86_64.manylinux2014_x86_64.whl", hash = "sha256:68be412447bf0e10f7f3e6e6bd402a6ff08d0426ef5620bca1de43a3caaad3f9"},
    {file = "polars_ds-0.8.2-cp39-abi3-manylinux_2_24_aarch64.whl", hash = "sha256:e8216c9c0d2383734ba51c2ad7efe37be952830bc852626f15a5be7647143b91"},
    {file = "polars_ds-0.8.2-cp39-abi3-win_amd64.whl", hash = "sha256:a791f5216e0cbde937e3ad06aea27e73e08201335aaf9c979a7c2e8312971829"},
    {file = "polars_ds-0.8.2.tar.gz", hash = "sha256:f0c166c969fe611006e621f1297c044239070df87870e52d7092aadcd8eb32ae"},
]

[package.dependencies]
polars = ">=1.4.0"
typing-extensions = {version = "*", markers = "python_version <= \"3.11\""}

[package.extras]
all = ["altair (>=5.4.0)", "graphviz (>=0.20)", "great-tables (>=0.9)", "numpy (>=1.16)", "vegafusion[embed]"]
compat = ["numpy (>=1.16)"]
models = ["numpy (>=1.16)"]
plot = ["altair (>=5.4.0)", "graphviz (>=0.20)", "great-tables (>=0.9)", "vegafusion[embed]"]

[[package]]
name = "pycodestyle"
version = "2.7.0"
description = "Python style guide checker"
optional = false
python-versions = ">=2.7, !=3.0.*, !=3.1.*, !=3.2.*, !=3.3.*"
groups = ["dev"]
files = [
    {file = "pycodestyle-2.7.0-py2.py3-none-any.whl", hash = "sha256:514f76d918fcc0b55c6680472f0a37970994e07bbb80725808c17089be302068"},
    {file = "pycodestyle-2.7.0.tar.gz", hash = "sha256:c389c1d06bf7904078ca03399a4816f974a1d590090fecea0c63ec26ebaf1cef"},
]

[[package]]
name = "pydantic"
version = "2.11.1"
description = "Data validation using Python type hints"
optional = false
python-versions = ">=3.9"
groups = ["main"]
files = [
    {file = "pydantic-2.11.1-py3-none-any.whl", hash = "sha256:5b6c415eee9f8123a14d859be0c84363fec6b1feb6b688d6435801230b56e0b8"},
    {file = "pydantic-2.11.1.tar.gz", hash = "sha256:442557d2910e75c991c39f4b4ab18963d57b9b55122c8b2a9cd176d8c29ce968"},
]

[package.dependencies]
annotated-types = ">=0.6.0"
pydantic-core = "2.33.0"
typing-extensions = ">=4.12.2"
typing-inspection = ">=0.4.0"

[package.extras]
email = ["email-validator (>=2.0.0)"]
timezone = ["tzdata ; python_version >= \"3.9\" and platform_system == \"Windows\""]

[[package]]
name = "pydantic-core"
version = "2.33.0"
description = "Core functionality for Pydantic validation and serialization"
optional = false
python-versions = ">=3.9"
groups = ["main"]
files = [
    {file = "pydantic_core-2.33.0-cp310-cp310-macosx_10_12_x86_64.whl", hash = "sha256:71dffba8fe9ddff628c68f3abd845e91b028361d43c5f8e7b3f8b91d7d85413e"},
    {file = "pydantic_core-2.33.0-cp310-cp310-macosx_11_0_arm64.whl", hash = "sha256:abaeec1be6ed535a5d7ffc2e6c390083c425832b20efd621562fbb5bff6dc518"},
    {file = "pydantic_core-2.33.0-cp310-cp310-manylinux_2_17_aarch64.manylinux2014_aarch64.whl", hash = "sha256:759871f00e26ad3709efc773ac37b4d571de065f9dfb1778012908bcc36b3a73"},
    {file = "pydantic_core-2.33.0-cp310-cp310-manylinux_2_17_armv7l.manylinux2014_armv7l.whl", hash = "sha256:dcfebee69cd5e1c0b76a17e17e347c84b00acebb8dd8edb22d4a03e88e82a207"},
    {file = "pydantic_core-2.33.0-cp310-cp310-manylinux_2_17_ppc64le.manylinux2014_ppc64le.whl", hash = "sha256:1b1262b912435a501fa04cd213720609e2cefa723a07c92017d18693e69bf00b"},
    {file = "pydantic_core-2.33.0-cp310-cp310-manylinux_2_17_s390x.manylinux2014_s390x.whl", hash = "sha256:4726f1f3f42d6a25678c67da3f0b10f148f5655813c5aca54b0d1742ba821b8f"},
    {file = "pydantic_core-2.33.0-cp310-cp310-manylinux_2_17_x86_64.manylinux2014_x86_64.whl", hash = "sha256:e790954b5093dff1e3a9a2523fddc4e79722d6f07993b4cd5547825c3cbf97b5"},
    {file = "pydantic_core-2.33.0-cp310-cp310-manylinux_2_5_i686.manylinux1_i686.whl", hash = "sha256:34e7fb3abe375b5c4e64fab75733d605dda0f59827752debc99c17cb2d5f3276"},
    {file = "pydantic_core-2.33.0-cp310-cp310-musllinux_1_1_aarch64.whl", hash = "sha256:ecb158fb9b9091b515213bed3061eb7deb1d3b4e02327c27a0ea714ff46b0760"},
    {file = "pydantic_core-2.33.0-cp310-cp310-musllinux_1_1_armv7l.whl", hash = "sha256:4d9149e7528af8bbd76cc055967e6e04617dcb2a2afdaa3dea899406c5521faa"},
    {file = "pydantic_core-2.33.0-cp310-cp310-musllinux_1_1_x86_64.whl", hash = "sha256:e81a295adccf73477220e15ff79235ca9dcbcee4be459eb9d4ce9a2763b8386c"},
    {file = "pydantic_core-2.33.0-cp310-cp310-win32.whl", hash = "sha256:f22dab23cdbce2005f26a8f0c71698457861f97fc6318c75814a50c75e87d025"},
    {file = "pydantic_core-2.33.0-cp310-cp310-win_amd64.whl", hash = "sha256:9cb2390355ba084c1ad49485d18449b4242da344dea3e0fe10babd1f0db7dcfc"},
    {file = "pydantic_core-2.33.0-cp311-cp311-macosx_10_12_x86_64.whl", hash = "sha256:a608a75846804271cf9c83e40bbb4dab2ac614d33c6fd5b0c6187f53f5c593ef"},
    {file = "pydantic_core-2.33.0-cp311-cp311-macosx_11_0_arm64.whl", hash = "sha256:e1c69aa459f5609dec2fa0652d495353accf3eda5bdb18782bc5a2ae45c9273a"},
    {file = "pydantic_core-2.33.0-cp311-cp311-manylinux_2_17_aarch64.manylinux2014_aarch64.whl", hash = "sha256:b9ec80eb5a5f45a2211793f1c4aeddff0c3761d1c70d684965c1807e923a588b"},
    {file = "pydantic_core-2.33.0-cp311-cp311-manylinux_2_17_armv7l.manylinux2014_armv7l.whl", hash = "sha256:e925819a98318d17251776bd3d6aa9f3ff77b965762155bdad15d1a9265c4cfd"},
    {file = "pydantic_core-2.33.0-cp311-cp311-manylinux_2_17_ppc64le.manylinux2014_ppc64le.whl", hash = "sha256:5bf68bb859799e9cec3d9dd8323c40c00a254aabb56fe08f907e437005932f2b"},
    {file = "pydantic_core-2.33.0-cp311-cp311-manylinux_2_17_s390x.manylinux2014_s390x.whl", hash = "sha256:1b2ea72dea0825949a045fa4071f6d5b3d7620d2a208335207793cf29c5a182d"},
    {file = "pydantic_core-2.33.0-cp311-cp311-manylinux_2_17_x86_64.manylinux2014_x86_64.whl", hash = "sha256:1583539533160186ac546b49f5cde9ffc928062c96920f58bd95de32ffd7bffd"},
    {file = "pydantic_core-2.33.0-cp311-cp311-manylinux_2_5_i686.manylinux1_i686.whl", hash = "sha256:23c3e77bf8a7317612e5c26a3b084c7edeb9552d645742a54a5867635b4f2453"},
    {file = "pydantic_core-2.33.0-cp311-cp311-musllinux_1_1_aarch64.whl", hash = "sha256:a7a7f2a3f628d2f7ef11cb6188bcf0b9e1558151d511b974dfea10a49afe192b"},
    {file = "pydantic_core-2.33.0-cp311-cp311-musllinux_1_1_armv7l.whl", hash = "sha256:f1fb026c575e16f673c61c7b86144517705865173f3d0907040ac30c4f9f5915"},
    {file = "pydantic_core-2.33.0-cp311-cp311-musllinux_1_1_x86_64.whl", hash = "sha256:635702b2fed997e0ac256b2cfbdb4dd0bf7c56b5d8fba8ef03489c03b3eb40e2"},
    {file = "pydantic_core-2.33.0-cp311-cp311-win32.whl", hash = "sha256:07b4ced28fccae3f00626eaa0c4001aa9ec140a29501770a88dbbb0966019a86"},
    {file = "pydantic_core-2.33.0-cp311-cp311-win_amd64.whl", hash = "sha256:4927564be53239a87770a5f86bdc272b8d1fbb87ab7783ad70255b4ab01aa25b"},
    {file = "pydantic_core-2.33.0-cp311-cp311-win_arm64.whl", hash = "sha256:69297418ad644d521ea3e1aa2e14a2a422726167e9ad22b89e8f1130d68e1e9a"},
    {file = "pydantic_core-2.33.0-cp312-cp312-macosx_10_12_x86_64.whl", hash = "sha256:6c32a40712e3662bebe524abe8abb757f2fa2000028d64cc5a1006016c06af43"},
    {file = "pydantic_core-2.33.0-cp312-cp312-macosx_11_0_arm64.whl", hash = "sha256:8ec86b5baa36f0a0bfb37db86c7d52652f8e8aa076ab745ef7725784183c3fdd"},
    {file = "pydantic_core-2.33.0-cp312-cp312-manylinux_2_17_aarch64.manylinux2014_aarch64.whl", hash = "sha256:4deac83a8cc1d09e40683be0bc6d1fa4cde8df0a9bf0cda5693f9b0569ac01b6"},
    {file = "pydantic_core-2.33.0-cp312-cp312-manylinux_2_17_armv7l.manylinux2014_armv7l.whl", hash = "sha256:175ab598fb457a9aee63206a1993874badf3ed9a456e0654273e56f00747bbd6"},
    {file = "pydantic_core-2.33.0-cp312-cp312-manylinux_2_17_ppc64le.manylinux2014_ppc64le.whl", hash = "sha256:5f36afd0d56a6c42cf4e8465b6441cf546ed69d3a4ec92724cc9c8c61bd6ecf4"},
    {file = "pydantic_core-2.33.0-cp312-cp312-manylinux_2_17_s390x.manylinux2014_s390x.whl", hash = "sha256:0a98257451164666afafc7cbf5fb00d613e33f7e7ebb322fbcd99345695a9a61"},
    {file = "pydantic_core-2.33.0-cp312-cp312-manylinux_2_17_x86_64.manylinux2014_x86_64.whl", hash = "sha256:ecc6d02d69b54a2eb83ebcc6f29df04957f734bcf309d346b4f83354d8376862"},
    {file = "pydantic_core-2.33.0-cp312-cp312-manylinux_2_5_i686.manylinux1_i686.whl", hash = "sha256:1a69b7596c6603afd049ce7f3835bcf57dd3892fc7279f0ddf987bebed8caa5a"},
    {file = "pydantic_core-2.33.0-cp312-cp312-musllinux_1_1_aarch64.whl", hash = "sha256:ea30239c148b6ef41364c6f51d103c2988965b643d62e10b233b5efdca8c0099"},
    {file = "pydantic_core-2.33.0-cp312-cp312-musllinux_1_1_armv7l.whl", hash = "sha256:abfa44cf2f7f7d7a199be6c6ec141c9024063205545aa09304349781b9a125e6"},
    {file = "pydantic_core-2.33.0-cp312-cp312-musllinux_1_1_x86_64.whl", hash = "sha256:20d4275f3c4659d92048c70797e5fdc396c6e4446caf517ba5cad2db60cd39d3"},
    {file = "pydantic_core-2.33.0-cp312-cp312-win32.whl", hash = "sha256:918f2013d7eadea1d88d1a35fd4a1e16aaf90343eb446f91cb091ce7f9b431a2"},
    {file = "pydantic_core-2.33.0-cp312-cp312-win_amd64.whl", hash = "sha256:aec79acc183865bad120b0190afac467c20b15289050648b876b07777e67ea48"},
    {file = "pydantic_core-2.33.0-cp312-cp312-win_arm64.whl", hash = "sha256:5461934e895968655225dfa8b3be79e7e927e95d4bd6c2d40edd2fa7052e71b6"},
    {file = "pydantic_core-2.33.0-cp313-cp313-macosx_10_12_x86_64.whl", hash = "sha256:f00e8b59e1fc8f09d05594aa7d2b726f1b277ca6155fc84c0396db1b373c4555"},
    {file = "pydantic_core-2.33.0-cp313-cp313-macosx_11_0_arm64.whl", hash = "sha256:1a73be93ecef45786d7d95b0c5e9b294faf35629d03d5b145b09b81258c7cd6d"},
    {file = "pydantic_core-2.33.0-cp313-cp313-manylinux_2_17_aarch64.manylinux2014_aarch64.whl", hash = "sha256:ff48a55be9da6930254565ff5238d71d5e9cd8c5487a191cb85df3bdb8c77365"},
    {file = "pydantic_core-2.33.0-cp313-cp313-manylinux_2_17_armv7l.manylinux2014_armv7l.whl", hash = "sha256:26a4ea04195638dcd8c53dadb545d70badba51735b1594810e9768c2c0b4a5da"},
    {file = "pydantic_core-2.33.0-cp313-cp313-manylinux_2_17_ppc64le.manylinux2014_ppc64le.whl", hash = "sha256:41d698dcbe12b60661f0632b543dbb119e6ba088103b364ff65e951610cb7ce0"},
    {file = "pydantic_core-2.33.0-cp313-cp313-manylinux_2_17_s390x.manylinux2014_s390x.whl", hash = "sha256:ae62032ef513fe6281ef0009e30838a01057b832dc265da32c10469622613885"},
    {file = "pydantic_core-2.33.0-cp313-cp313-manylinux_2_17_x86_64.manylinux2014_x86_64.whl", hash = "sha256:f225f3a3995dbbc26affc191d0443c6c4aa71b83358fd4c2b7d63e2f6f0336f9"},
    {file = "pydantic_core-2.33.0-cp313-cp313-manylinux_2_5_i686.manylinux1_i686.whl", hash = "sha256:5bdd36b362f419c78d09630cbaebc64913f66f62bda6d42d5fbb08da8cc4f181"},
    {file = "pydantic_core-2.33.0-cp313-cp313-musllinux_1_1_aarch64.whl", hash = "sha256:2a0147c0bef783fd9abc9f016d66edb6cac466dc54a17ec5f5ada08ff65caf5d"},
    {file = "pydantic_core-2.33.0-cp313-cp313-musllinux_1_1_armv7l.whl", hash = "sha256:c860773a0f205926172c6644c394e02c25421dc9a456deff16f64c0e299487d3"},
    {file = "pydantic_core-2.33.0-cp313-cp313-musllinux_1_1_x86_64.whl", hash = "sha256:138d31e3f90087f42aa6286fb640f3c7a8eb7bdae829418265e7e7474bd2574b"},
    {file = "pydantic_core-2.33.0-cp313-cp313-win32.whl", hash = "sha256:d20cbb9d3e95114325780f3cfe990f3ecae24de7a2d75f978783878cce2ad585"},
    {file = "pydantic_core-2.33.0-cp313-cp313-win_amd64.whl", hash = "sha256:ca1103d70306489e3d006b0f79db8ca5dd3c977f6f13b2c59ff745249431a606"},
    {file = "pydantic_core-2.33.0-cp313-cp313-win_arm64.whl", hash = "sha256:6291797cad239285275558e0a27872da735b05c75d5237bbade8736f80e4c225"},
    {file = "pydantic_core-2.33.0-cp313-cp313t-macosx_11_0_arm64.whl", hash = "sha256:7b79af799630af263eca9ec87db519426d8c9b3be35016eddad1832bac812d87"},
    {file = "pydantic_core-2.33.0-cp313-cp313t-manylinux_2_17_x86_64.manylinux2014_x86_64.whl", hash = "sha256:eabf946a4739b5237f4f56d77fa6668263bc466d06a8036c055587c130a46f7b"},
    {file = "pydantic_core-2.33.0-cp313-cp313t-win_amd64.whl", hash = "sha256:8a1d581e8cdbb857b0e0e81df98603376c1a5c34dc5e54039dcc00f043df81e7"},
    {file = "pydantic_core-2.33.0-cp39-cp39-macosx_10_12_x86_64.whl", hash = "sha256:7c9c84749f5787781c1c45bb99f433402e484e515b40675a5d121ea14711cf61"},
    {file = "pydantic_core-2.33.0-cp39-cp39-macosx_11_0_arm64.whl", hash = "sha256:64672fa888595a959cfeff957a654e947e65bbe1d7d82f550417cbd6898a1d6b"},
    {file = "pydantic_core-2.33.0-cp39-cp39-manylinux_2_17_aarch64.manylinux2014_aarch64.whl", hash = "sha256:26bc7367c0961dec292244ef2549afa396e72e28cc24706210bd44d947582c59"},
    {file = "pydantic_core-2.33.0-cp39-cp39-manylinux_2_17_armv7l.manylinux2014_armv7l.whl", hash = "sha256:ce72d46eb201ca43994303025bd54d8a35a3fc2a3495fac653d6eb7205ce04f4"},
    {file = "pydantic_core-2.33.0-cp39-cp39-manylinux_2_17_ppc64le.manylinux2014_ppc64le.whl", hash = "sha256:14229c1504287533dbf6b1fc56f752ce2b4e9694022ae7509631ce346158de11"},
    {file = "pydantic_core-2.33.0-cp39-cp39-manylinux_2_17_s390x.manylinux2014_s390x.whl", hash = "sha256:085d8985b1c1e48ef271e98a658f562f29d89bda98bf120502283efbc87313eb"},
    {file = "pydantic_core-2.33.0-cp39-cp39-manylinux_2_17_x86_64.manylinux2014_x86_64.whl", hash = "sha256:31860fbda80d8f6828e84b4a4d129fd9c4535996b8249cfb8c720dc2a1a00bb8"},
    {file = "pydantic_core-2.33.0-cp39-cp39-manylinux_2_5_i686.manylinux1_i686.whl", hash = "sha256:f200b2f20856b5a6c3a35f0d4e344019f805e363416e609e9b47c552d35fd5ea"},
    {file = "pydantic_core-2.33.0-cp39-cp39-musllinux_1_1_aarch64.whl", hash = "sha256:5f72914cfd1d0176e58ddc05c7a47674ef4222c8253bf70322923e73e14a4ac3"},
    {file = "pydantic_core-2.33.0-cp39-cp39-musllinux_1_1_armv7l.whl", hash = "sha256:91301a0980a1d4530d4ba7e6a739ca1a6b31341252cb709948e0aca0860ce0ae"},
    {file = "pydantic_core-2.33.0-cp39-cp39-musllinux_1_1_x86_64.whl", hash = "sha256:7419241e17c7fbe5074ba79143d5523270e04f86f1b3a0dff8df490f84c8273a"},
    {file = "pydantic_core-2.33.0-cp39-cp39-win32.whl", hash = "sha256:7a25493320203005d2a4dac76d1b7d953cb49bce6d459d9ae38e30dd9f29bc9c"},
    {file = "pydantic_core-2.33.0-cp39-cp39-win_amd64.whl", hash = "sha256:82a4eba92b7ca8af1b7d5ef5f3d9647eee94d1f74d21ca7c21e3a2b92e008358"},
    {file = "pydantic_core-2.33.0-pp310-pypy310_pp73-macosx_10_12_x86_64.whl", hash = "sha256:e2762c568596332fdab56b07060c8ab8362c56cf2a339ee54e491cd503612c50"},
    {file = "pydantic_core-2.33.0-pp310-pypy310_pp73-macosx_11_0_arm64.whl", hash = "sha256:5bf637300ff35d4f59c006fff201c510b2b5e745b07125458a5389af3c0dff8c"},
    {file = "pydantic_core-2.33.0-pp310-pypy310_pp73-manylinux_2_17_aarch64.manylinux2014_aarch64.whl", hash = "sha256:62c151ce3d59ed56ebd7ce9ce5986a409a85db697d25fc232f8e81f195aa39a1"},
    {file = "pydantic_core-2.33.0-pp310-pypy310_pp73-manylinux_2_17_x86_64.manylinux2014_x86_64.whl", hash = "sha256:9ee65f0cc652261744fd07f2c6e6901c914aa6c5ff4dcfaf1136bc394d0dd26b"},
    {file = "pydantic_core-2.33.0-pp310-pypy310_pp73-manylinux_2_5_i686.manylinux1_i686.whl", hash = "sha256:024d136ae44d233e6322027bbf356712b3940bee816e6c948ce4b90f18471b3d"},
    {file = "pydantic_core-2.33.0-pp310-pypy310_pp73-musllinux_1_1_aarch64.whl", hash = "sha256:e37f10f6d4bc67c58fbd727108ae1d8b92b397355e68519f1e4a7babb1473442"},
    {file = "pydantic_core-2.33.0-pp310-pypy310_pp73-musllinux_1_1_armv7l.whl", hash = "sha256:502ed542e0d958bd12e7c3e9a015bce57deaf50eaa8c2e1c439b512cb9db1e3a"},
    {file = "pydantic_core-2.33.0-pp310-pypy310_pp73-musllinux_1_1_x86_64.whl", hash = "sha256:715c62af74c236bf386825c0fdfa08d092ab0f191eb5b4580d11c3189af9d330"},
    {file = "pydantic_core-2.33.0-pp310-pypy310_pp73-win_amd64.whl", hash = "sha256:bccc06fa0372151f37f6b69834181aa9eb57cf8665ed36405fb45fbf6cac3bae"},
    {file = "pydantic_core-2.33.0-pp311-pypy311_pp73-macosx_10_12_x86_64.whl", hash = "sha256:5d8dc9f63a26f7259b57f46a7aab5af86b2ad6fbe48487500bb1f4b27e051e4c"},
    {file = "pydantic_core-2.33.0-pp311-pypy311_pp73-macosx_11_0_arm64.whl", hash = "sha256:30369e54d6d0113d2aa5aee7a90d17f225c13d87902ace8fcd7bbf99b19124db"},
    {file = "pydantic_core-2.33.0-pp311-pypy311_pp73-manylinux_2_17_aarch64.manylinux2014_aarch64.whl", hash = "sha256:f3eb479354c62067afa62f53bb387827bee2f75c9c79ef25eef6ab84d4b1ae3b"},
    {file = "pydantic_core-2.33.0-pp311-pypy311_pp73-manylinux_2_17_x86_64.manylinux2014_x86_64.whl", hash = "sha256:0310524c833d91403c960b8a3cf9f46c282eadd6afd276c8c5edc617bd705dc9"},
    {file = "pydantic_core-2.33.0-pp311-pypy311_pp73-manylinux_2_5_i686.manylinux1_i686.whl", hash = "sha256:eddb18a00bbb855325db27b4c2a89a4ba491cd6a0bd6d852b225172a1f54b36c"},
    {file = "pydantic_core-2.33.0-pp311-pypy311_pp73-musllinux_1_1_aarch64.whl", hash = "sha256:ade5dbcf8d9ef8f4b28e682d0b29f3008df9842bb5ac48ac2c17bc55771cc976"},
    {file = "pydantic_core-2.33.0-pp311-pypy311_pp73-musllinux_1_1_armv7l.whl", hash = "sha256:2c0afd34f928383e3fd25740f2050dbac9d077e7ba5adbaa2227f4d4f3c8da5c"},
    {file = "pydantic_core-2.33.0-pp311-pypy311_pp73-musllinux_1_1_x86_64.whl", hash = "sha256:7da333f21cd9df51d5731513a6d39319892947604924ddf2e24a4612975fb936"},
    {file = "pydantic_core-2.33.0-pp311-pypy311_pp73-win_amd64.whl", hash = "sha256:4b6d77c75a57f041c5ee915ff0b0bb58eabb78728b69ed967bc5b780e8f701b8"},
    {file = "pydantic_core-2.33.0-pp39-pypy39_pp73-macosx_10_12_x86_64.whl", hash = "sha256:ba95691cf25f63df53c1d342413b41bd7762d9acb425df8858d7efa616c0870e"},
    {file = "pydantic_core-2.33.0-pp39-pypy39_pp73-macosx_11_0_arm64.whl", hash = "sha256:4f1ab031feb8676f6bd7c85abec86e2935850bf19b84432c64e3e239bffeb1ec"},
    {file = "pydantic_core-2.33.0-pp39-pypy39_pp73-manylinux_2_17_aarch64.manylinux2014_aarch64.whl", hash = "sha256:58c1151827eef98b83d49b6ca6065575876a02d2211f259fb1a6b7757bd24dd8"},
    {file = "pydantic_core-2.33.0-pp39-pypy39_pp73-manylinux_2_17_x86_64.manylinux2014_x86_64.whl", hash = "sha256:a66d931ea2c1464b738ace44b7334ab32a2fd50be023d863935eb00f42be1778"},
    {file = "pydantic_core-2.33.0-pp39-pypy39_pp73-manylinux_2_5_i686.manylinux1_i686.whl", hash = "sha256:0bcf0bab28995d483f6c8d7db25e0d05c3efa5cebfd7f56474359e7137f39856"},
    {file = "pydantic_core-2.33.0-pp39-pypy39_pp73-musllinux_1_1_aarch64.whl", hash = "sha256:89670d7a0045acb52be0566df5bc8b114ac967c662c06cf5e0c606e4aadc964b"},
    {file = "pydantic_core-2.33.0-pp39-pypy39_pp73-musllinux_1_1_armv7l.whl", hash = "sha256:b716294e721d8060908dbebe32639b01bfe61b15f9f57bcc18ca9a0e00d9520b"},
    {file = "pydantic_core-2.33.0-pp39-pypy39_pp73-musllinux_1_1_x86_64.whl", hash = "sha256:fc53e05c16697ff0c1c7c2b98e45e131d4bfb78068fffff92a82d169cbb4c7b7"},
    {file = "pydantic_core-2.33.0-pp39-pypy39_pp73-win_amd64.whl", hash = "sha256:68504959253303d3ae9406b634997a2123a0b0c1da86459abbd0ffc921695eac"},
    {file = "pydantic_core-2.33.0.tar.gz", hash = "sha256:40eb8af662ba409c3cbf4a8150ad32ae73514cd7cb1f1a2113af39763dd616b3"},
]

[package.dependencies]
typing-extensions = ">=4.6.0,<4.7.0 || >4.7.0"

[[package]]
name = "pyflakes"
version = "2.3.1"
description = "passive checker of Python programs"
optional = false
python-versions = ">=2.7, !=3.0.*, !=3.1.*, !=3.2.*, !=3.3.*"
groups = ["dev"]
files = [
    {file = "pyflakes-2.3.1-py2.py3-none-any.whl", hash = "sha256:7893783d01b8a89811dd72d7dfd4d84ff098e5eed95cfa8905b22bbffe52efc3"},
    {file = "pyflakes-2.3.1.tar.gz", hash = "sha256:f5bc8ecabc05bb9d291eb5203d6810b49040f6ff446a756326104746cc00c1db"},
]

[[package]]
name = "pyproject-hooks"
version = "1.2.0"
description = "Wrappers to call pyproject.toml-based build backend hooks."
optional = false
python-versions = ">=3.7"
groups = ["dev"]
files = [
    {file = "pyproject_hooks-1.2.0-py3-none-any.whl", hash = "sha256:9e5c6bfa8dcc30091c74b0cf803c81fdd29d94f01992a7707bc97babb1141913"},
    {file = "pyproject_hooks-1.2.0.tar.gz", hash = "sha256:1e859bd5c40fae9448642dd871adf459e5e2084186e8d2c2a79a824c970da1f8"},
]

[[package]]
name = "pytest"
version = "7.4.4"
description = "pytest: simple powerful testing with Python"
optional = false
python-versions = ">=3.7"
groups = ["dev"]
files = [
    {file = "pytest-7.4.4-py3-none-any.whl", hash = "sha256:b090cdf5ed60bf4c45261be03239c2c1c22df034fbffe691abe93cd80cea01d8"},
    {file = "pytest-7.4.4.tar.gz", hash = "sha256:2cf0005922c6ace4a3e2ec8b4080eb0d9753fdc93107415332f50ce9e7994280"},
]

[package.dependencies]
colorama = {version = "*", markers = "sys_platform == \"win32\""}
exceptiongroup = {version = ">=1.0.0rc8", markers = "python_version < \"3.11\""}
iniconfig = "*"
packaging = "*"
pluggy = ">=0.12,<2.0"
tomli = {version = ">=1.0.0", markers = "python_version < \"3.11\""}

[package.extras]
testing = ["argcomplete", "attrs (>=19.2.0)", "hypothesis (>=3.56)", "mock", "nose", "pygments (>=2.7.2)", "requests", "setuptools", "xmlschema"]

[[package]]
name = "setuptools"
version = "78.1.0"
description = "Easily download, build, install, upgrade, and uninstall Python packages"
optional = false
python-versions = ">=3.9"
groups = ["dev"]
files = [
    {file = "setuptools-78.1.0-py3-none-any.whl", hash = "sha256:3e386e96793c8702ae83d17b853fb93d3e09ef82ec62722e61da5cd22376dcd8"},
    {file = "setuptools-78.1.0.tar.gz", hash = "sha256:18fd474d4a82a5f83dac888df697af65afa82dec7323d09c3e37d1f14288da54"},
]

[package.extras]
check = ["pytest-checkdocs (>=2.4)", "pytest-ruff (>=0.2.1) ; sys_platform != \"cygwin\"", "ruff (>=0.8.0) ; sys_platform != \"cygwin\""]
core = ["importlib_metadata (>=6) ; python_version < \"3.10\"", "jaraco.functools (>=4)", "jaraco.text (>=3.7)", "more_itertools", "more_itertools (>=8.8)", "packaging (>=24.2)", "platformdirs (>=4.2.2)", "tomli (>=2.0.1) ; python_version < \"3.11\"", "wheel (>=0.43.0)"]
cover = ["pytest-cov"]
doc = ["furo", "jaraco.packaging (>=9.3)", "jaraco.tidelift (>=1.4)", "pygments-github-lexers (==0.0.5)", "pyproject-hooks (!=1.1)", "rst.linker (>=1.9)", "sphinx (>=3.5)", "sphinx-favicon", "sphinx-inline-tabs", "sphinx-lint", "sphinx-notfound-page (>=1,<2)", "sphinx-reredirects", "sphinxcontrib-towncrier", "towncrier (<24.7)"]
enabler = ["pytest-enabler (>=2.2)"]
test = ["build[virtualenv] (>=1.0.3)", "filelock (>=3.4.0)", "ini2toml[lite] (>=0.14)", "jaraco.develop (>=7.21) ; python_version >= \"3.9\" and sys_platform != \"cygwin\"", "jaraco.envs (>=2.2)", "jaraco.path (>=3.7.2)", "jaraco.test (>=5.5)", "packaging (>=24.2)", "pip (>=19.1)", "pyproject-hooks (!=1.1)", "pytest (>=6,!=8.1.*)", "pytest-home (>=0.5)", "pytest-perf ; sys_platform != \"cygwin\"", "pytest-subprocess", "pytest-timeout", "pytest-xdist (>=3)", "tomli-w (>=1.0.0)", "virtualenv (>=13.0.0)", "wheel (>=0.44.0)"]
type = ["importlib_metadata (>=7.0.2) ; python_version < \"3.10\"", "jaraco.develop (>=7.21) ; sys_platform != \"cygwin\"", "mypy (==1.14.*)", "pytest-mypy"]

[[package]]
name = "toml"
version = "0.10.2"
description = "Python Library for Tom's Obvious, Minimal Language"
optional = false
python-versions = ">=2.6, !=3.0.*, !=3.1.*, !=3.2.*"
groups = ["dev"]
files = [
    {file = "toml-0.10.2-py2.py3-none-any.whl", hash = "sha256:806143ae5bfb6a3c6e736a764057db0e6a0e05e338b5630894a5f779cabb4f9b"},
    {file = "toml-0.10.2.tar.gz", hash = "sha256:b3bda1d108d5dd99f4a20d24d9c348e91c4db7ab1b749200bded2f839ccbe68f"},
]

[[package]]
name = "tomli"
version = "2.2.1"
description = "A lil' TOML parser"
optional = false
python-versions = ">=3.8"
groups = ["dev"]
markers = "python_version < \"3.11\""
files = [
    {file = "tomli-2.2.1-cp311-cp311-macosx_10_9_x86_64.whl", hash = "sha256:678e4fa69e4575eb77d103de3df8a895e1591b48e740211bd1067378c69e8249"},
    {file = "tomli-2.2.1-cp311-cp311-macosx_11_0_arm64.whl", hash = "sha256:023aa114dd824ade0100497eb2318602af309e5a55595f76b626d6d9f3b7b0a6"},
    {file = "tomli-2.2.1-cp311-cp311-manylinux_2_17_aarch64.manylinux2014_aarch64.whl", hash = "sha256:ece47d672db52ac607a3d9599a9d48dcb2f2f735c6c2d1f34130085bb12b112a"},
    {file = "tomli-2.2.1-cp311-cp311-manylinux_2_17_x86_64.manylinux2014_x86_64.whl", hash = "sha256:6972ca9c9cc9f0acaa56a8ca1ff51e7af152a9f87fb64623e31d5c83700080ee"},
    {file = "tomli-2.2.1-cp311-cp311-manylinux_2_5_i686.manylinux1_i686.manylinux_2_17_i686.manylinux2014_i686.whl", hash = "sha256:c954d2250168d28797dd4e3ac5cf812a406cd5a92674ee4c8f123c889786aa8e"},
    {file = "tomli-2.2.1-cp311-cp311-musllinux_1_2_aarch64.whl", hash = "sha256:8dd28b3e155b80f4d54beb40a441d366adcfe740969820caf156c019fb5c7ec4"},
    {file = "tomli-2.2.1-cp311-cp311-musllinux_1_2_i686.whl", hash = "sha256:e59e304978767a54663af13c07b3d1af22ddee3bb2fb0618ca1593e4f593a106"},
    {file = "tomli-2.2.1-cp311-cp311-musllinux_1_2_x86_64.whl", hash = "sha256:33580bccab0338d00994d7f16f4c4ec25b776af3ffaac1ed74e0b3fc95e885a8"},
    {file = "tomli-2.2.1-cp311-cp311-win32.whl", hash = "sha256:465af0e0875402f1d226519c9904f37254b3045fc5084697cefb9bdde1ff99ff"},
    {file = "tomli-2.2.1-cp311-cp311-win_amd64.whl", hash = "sha256:2d0f2fdd22b02c6d81637a3c95f8cd77f995846af7414c5c4b8d0545afa1bc4b"},
    {file = "tomli-2.2.1-cp312-cp312-macosx_10_13_x86_64.whl", hash = "sha256:4a8f6e44de52d5e6c657c9fe83b562f5f4256d8ebbfe4ff922c495620a7f6cea"},
    {file = "tomli-2.2.1-cp312-cp312-macosx_11_0_arm64.whl", hash = "sha256:8d57ca8095a641b8237d5b079147646153d22552f1c637fd3ba7f4b0b29167a8"},
    {file = "tomli-2.2.1-cp312-cp312-manylinux_2_17_aarch64.manylinux2014_aarch64.whl", hash = "sha256:4e340144ad7ae1533cb897d406382b4b6fede8890a03738ff1683af800d54192"},
    {file = "tomli-2.2.1-cp312-cp312-manylinux_2_17_x86_64.manylinux2014_x86_64.whl", hash = "sha256:db2b95f9de79181805df90bedc5a5ab4c165e6ec3fe99f970d0e302f384ad222"},
    {file = "tomli-2.2.1-cp312-cp312-manylinux_2_5_i686.manylinux1_i686.manylinux_2_17_i686.manylinux2014_i686.whl", hash = "sha256:40741994320b232529c802f8bc86da4e1aa9f413db394617b9a256ae0f9a7f77"},
    {file = "tomli-2.2.1-cp312-cp312-musllinux_1_2_aarch64.whl", hash = "sha256:400e720fe168c0f8521520190686ef8ef033fb19fc493da09779e592861b78c6"},
    {file = "tomli-2.2.1-cp312-cp312-musllinux_1_2_i686.whl", hash = "sha256:02abe224de6ae62c19f090f68da4e27b10af2b93213d36cf44e6e1c5abd19fdd"},
    {file = "tomli-2.2.1-cp312-cp312-musllinux_1_2_x86_64.whl", hash = "sha256:b82ebccc8c8a36f2094e969560a1b836758481f3dc360ce9a3277c65f374285e"},
    {file = "tomli-2.2.1-cp312-cp312-win32.whl", hash = "sha256:889f80ef92701b9dbb224e49ec87c645ce5df3fa2cc548664eb8a25e03127a98"},
    {file = "tomli-2.2.1-cp312-cp312-win_amd64.whl", hash = "sha256:7fc04e92e1d624a4a63c76474610238576942d6b8950a2d7f908a340494e67e4"},
    {file = "tomli-2.2.1-cp313-cp313-macosx_10_13_x86_64.whl", hash = "sha256:f4039b9cbc3048b2416cc57ab3bda989a6fcf9b36cf8937f01a6e731b64f80d7"},
    {file = "tomli-2.2.1-cp313-cp313-macosx_11_0_arm64.whl", hash = "sha256:286f0ca2ffeeb5b9bd4fcc8d6c330534323ec51b2f52da063b11c502da16f30c"},
    {file = "tomli-2.2.1-cp313-cp313-manylinux_2_17_aarch64.manylinux2014_aarch64.whl", hash = "sha256:a92ef1a44547e894e2a17d24e7557a5e85a9e1d0048b0b5e7541f76c5032cb13"},
    {file = "tomli-2.2.1-cp313-cp313-manylinux_2_17_x86_64.manylinux2014_x86_64.whl", hash = "sha256:9316dc65bed1684c9a98ee68759ceaed29d229e985297003e494aa825ebb0281"},
    {file = "tomli-2.2.1-cp313-cp313-manylinux_2_5_i686.manylinux1_i686.manylinux_2_17_i686.manylinux2014_i686.whl", hash = "sha256:e85e99945e688e32d5a35c1ff38ed0b3f41f43fad8df0bdf79f72b2ba7bc5272"},
    {file = "tomli-2.2.1-cp313-cp313-musllinux_1_2_aarch64.whl", hash = "sha256:ac065718db92ca818f8d6141b5f66369833d4a80a9d74435a268c52bdfa73140"},
    {file = "tomli-2.2.1-cp313-cp313-musllinux_1_2_i686.whl", hash = "sha256:d920f33822747519673ee656a4b6ac33e382eca9d331c87770faa3eef562aeb2"},
    {file = "tomli-2.2.1-cp313-cp313-musllinux_1_2_x86_64.whl", hash = "sha256:a198f10c4d1b1375d7687bc25294306e551bf1abfa4eace6650070a5c1ae2744"},
    {file = "tomli-2.2.1-cp313-cp313-win32.whl", hash = "sha256:d3f5614314d758649ab2ab3a62d4f2004c825922f9e370b29416484086b264ec"},
    {file = "tomli-2.2.1-cp313-cp313-win_amd64.whl", hash = "sha256:a38aa0308e754b0e3c67e344754dff64999ff9b513e691d0e786265c93583c69"},
    {file = "tomli-2.2.1-py3-none-any.whl", hash = "sha256:cb55c73c5f4408779d0cf3eef9f762b9c9f147a77de7b258bef0a5628adc85cc"},
    {file = "tomli-2.2.1.tar.gz", hash = "sha256:cd45e1dc79c835ce60f7404ec8119f2eb06d38b1deba146f07ced3bbc44505ff"},
]

[[package]]
name = "typing-extensions"
version = "4.13.0"
description = "Backported and Experimental Type Hints for Python 3.8+"
optional = false
python-versions = ">=3.8"
groups = ["main"]
files = [
    {file = "typing_extensions-4.13.0-py3-none-any.whl", hash = "sha256:c8dd92cc0d6425a97c18fbb9d1954e5ff92c1ca881a309c45f06ebc0b79058e5"},
    {file = "typing_extensions-4.13.0.tar.gz", hash = "sha256:0a4ac55a5820789d87e297727d229866c9650f6521b64206413c4fbada24d95b"},
]

[[package]]
name = "typing-inspection"
version = "0.4.0"
description = "Runtime typing introspection tools"
optional = false
python-versions = ">=3.9"
groups = ["main"]
files = [
    {file = "typing_inspection-0.4.0-py3-none-any.whl", hash = "sha256:50e72559fcd2a6367a19f7a7e610e6afcb9fac940c650290eed893d61386832f"},
    {file = "typing_inspection-0.4.0.tar.gz", hash = "sha256:9765c87de36671694a67904bf2c96e395be9c6439bb6c87b5142569dcdd65122"},
]

[package.dependencies]
typing-extensions = ">=4.12.0"

[[package]]
name = "zipp"
version = "3.21.0"
description = "Backport of pathlib-compatible object wrapper for zip files"
optional = false
python-versions = ">=3.9"
groups = ["dev"]
markers = "python_full_version < \"3.10.2\""
files = [
    {file = "zipp-3.21.0-py3-none-any.whl", hash = "sha256:ac1bbe05fd2991f160ebce24ffbac5f6d11d83dc90891255885223d42b3cd931"},
    {file = "zipp-3.21.0.tar.gz", hash = "sha256:2c9958f6430a2040341a52eb608ed6dd93ef4392e02ffe219417c1b28b5dd1f4"},
]

[package.extras]
check = ["pytest-checkdocs (>=2.4)", "pytest-ruff (>=0.2.1) ; sys_platform != \"cygwin\""]
cover = ["pytest-cov"]
doc = ["furo", "jaraco.packaging (>=9.3)", "jaraco.tidelift (>=1.4)", "rst.linker (>=1.9)", "sphinx (>=3.5)", "sphinx-lint"]
enabler = ["pytest-enabler (>=2.2)"]
test = ["big-O", "importlib-resources ; python_version < \"3.9\"", "jaraco.functools", "jaraco.itertools", "jaraco.test", "more-itertools", "pytest (>=6,!=8.1.*)", "pytest-ignore-flaky"]
type = ["pytest-mypy"]

[metadata]
lock-version = "2.1"
python-versions = ">=3.9"
content-hash = "7be6b59ec52f4f0eee5ac00fefcddf5f7bf81bf02cdbb5679b26a7e1cb1d6880"
